// !$*UTF8*$!
{
	archiveVersion = 1;
	classes = {
	};
	objectVersion = 56;
	objects = {

/* Begin PBXBuildFile section */
		0E6BEF102DB862A40094326A /* NotificationHelper.swift in Sources */ = {isa = PBXBuildFile; fileRef = 0E6BEF0F2DB862A40094326A /* NotificationHelper.swift */; };
		0E6BEF122DB8771F0094326A /* ParentViewController.swift in Sources */ = {isa = PBXBuildFile; fileRef = 0E6BEF112DB8771B0094326A /* ParentViewController.swift */; };
		0E6BEF1D2DB8A7A80094326A /* NewsResponse.swift in Sources */ = {isa = PBXBuildFile; fileRef = 0E6BEF1C2DB8A7A70094326A /* NewsResponse.swift */; };
		0E6BEF232DB8A9720094326A /* HomeViewModel.swift in Sources */ = {isa = PBXBuildFile; fileRef = 0E6BEF222DB8A96E0094326A /* HomeViewModel.swift */; };
		0E6BEF252DB8A97B0094326A /* HomeViewController.swift in Sources */ = {isa = PBXBuildFile; fileRef = 0E6BEF242DB8A9760094326A /* HomeViewController.swift */; };
		0E6BEF272DB8A98F0094326A /* HomeViewController.xib in Resources */ = {isa = PBXBuildFile; fileRef = 0E6BEF262DB8A98F0094326A /* HomeViewController.xib */; };
		0E6BEF2A2DB8ADA70094326A /* SectionTableCell.swift in Sources */ = {isa = PBXBuildFile; fileRef = 0E6BEF292DB8ADA20094326A /* SectionTableCell.swift */; };
		0E6BEF2E2DB8ADB90094326A /* SectionTableCell.xib in Resources */ = {isa = PBXBuildFile; fileRef = 0E6BEF2D2DB8ADB90094326A /* SectionTableCell.xib */; };
		0E6BEF322DB8B0AB0094326A /* ItemCell.swift in Sources */ = {isa = PBXBuildFile; fileRef = 0E6BEF312DB8B0980094326A /* ItemCell.swift */; };
		0E6BEF342DB8B0B70094326A /* ItemCell.xib in Resources */ = {isa = PBXBuildFile; fileRef = 0E6BEF332DB8B0B70094326A /* ItemCell.xib */; };
		0E6BEF372DB8B5F40094326A /* SectionHeaderView.swift in Sources */ = {isa = PBXBuildFile; fileRef = 0E6BEF362DB8B5F00094326A /* SectionHeaderView.swift */; };
		0E6BEF9D2DB8C0AE0094326A /* FetchNewsError.swift in Sources */ = {isa = PBXBuildFile; fileRef = 0E6BEF9C2DB8C0A80094326A /* FetchNewsError.swift */; };
		0E6BEFA02DB8C0FB0094326A /* NewsRepository.swift in Sources */ = {isa = PBXBuildFile; fileRef = 0E6BEF9F2DB8C0F60094326A /* NewsRepository.swift */; };
		0E6BEFA32DB8C1730094326A /* NewsRepositoryImpl.swift in Sources */ = {isa = PBXBuildFile; fileRef = 0E6BEFA22DB8C16C0094326A /* NewsRepositoryImpl.swift */; };
		0E6BEFAC2DB8CC7A0094326A /* NewsType.swift in Sources */ = {isa = PBXBuildFile; fileRef = 0E6BEFAB2DB8CC790094326A /* NewsType.swift */; };
		0E6BF0122DB8CE0D0094326A /* IntExtension.swift in Sources */ = {isa = PBXBuildFile; fileRef = 0E6BF0112DB8CE090094326A /* IntExtension.swift */; };
		0E6BF0152DB8CEFF0094326A /* FetchNewsUseCase.swift in Sources */ = {isa = PBXBuildFile; fileRef = 0E6BF0142DB8CEF40094326A /* FetchNewsUseCase.swift */; };
		0E6BF0182DB8CF5A0094326A /* FetchNewsUseCaseImpl.swift in Sources */ = {isa = PBXBuildFile; fileRef = 0E6BF0172DB8CF5A0094326A /* FetchNewsUseCaseImpl.swift */; };
		0E6BF0222DB9235C0094326A /* SearchViewController.swift in Sources */ = {isa = PBXBuildFile; fileRef = 0E6BF0212DB923550094326A /* SearchViewController.swift */; };
		0E6BF0242DB923670094326A /* SearchViewController.xib in Resources */ = {isa = PBXBuildFile; fileRef = 0E6BF0232DB923670094326A /* SearchViewController.xib */; };
		0E6BF0352DB9920A0094326A /* NetworkConstants.swift in Sources */ = {isa = PBXBuildFile; fileRef = 0E6BF0342DB992090094326A /* NetworkConstants.swift */; };
		0E6BF0372DB992650094326A /* NewsAPIService.swift in Sources */ = {isa = PBXBuildFile; fileRef = 0E6BF0362DB992640094326A /* NewsAPIService.swift */; };
		0E6BF03B2DB995770094326A /* SearchTableCell.swift in Sources */ = {isa = PBXBuildFile; fileRef = 0E6BF0382DB995770094326A /* SearchTableCell.swift */; };
		0E6BF03C2DB995770094326A /* SearchTableCell.xib in Resources */ = {isa = PBXBuildFile; fileRef = 0E6BF0392DB995770094326A /* SearchTableCell.xib */; };
		0E6BF03E2DB995F30094326A /* SearchViewModel.swift in Sources */ = {isa = PBXBuildFile; fileRef = 0E6BF03D2DB995EF0094326A /* SearchViewModel.swift */; };
		0E6BF0412DB996340094326A /* SearchNewsError.swift in Sources */ = {isa = PBXBuildFile; fileRef = 0E6BF0402DB9962F0094326A /* SearchNewsError.swift */; };
		0E6BF0442DB9965B0094326A /* SearchNewsRepositoryImpl.swift in Sources */ = {isa = PBXBuildFile; fileRef = 0E6BF0432DB996510094326A /* SearchNewsRepositoryImpl.swift */; };
		0E6BF0472DB9967A0094326A /* SearchNewsRepository.swift in Sources */ = {isa = PBXBuildFile; fileRef = 0E6BF0462DB996770094326A /* SearchNewsRepository.swift */; };
		0E6BF04A2DB997010094326A /* SearchNewsUseCaseImpl.swift in Sources */ = {isa = PBXBuildFile; fileRef = 0E6BF0492DB996FB0094326A /* SearchNewsUseCaseImpl.swift */; };
		0E6BF04C2DB9970C0094326A /* SearchNewsUseCase.swift in Sources */ = {isa = PBXBuildFile; fileRef = 0E6BF04B2DB997070094326A /* SearchNewsUseCase.swift */; };
		0E6BF04E2DB9AB960094326A /* SortingHelper.swift in Sources */ = {isa = PBXBuildFile; fileRef = 0E6BF04D2DB9AB940094326A /* SortingHelper.swift */; };
		0E6BF0502DB9ABB70094326A /* SortingHelperTests.swift in Sources */ = {isa = PBXBuildFile; fileRef = 0E6BF04F2DB9ABB70094326A /* SortingHelperTests.swift */; };
		0E6BF0522DB9AEBA0094326A /* NewsSiteHelper.swift in Sources */ = {isa = PBXBuildFile; fileRef = 0E6BF0512DB9AEB90094326A /* NewsSiteHelper.swift */; };
		0E6BF05D2DB9BA510094326A /* InfoResponse.swift in Sources */ = {isa = PBXBuildFile; fileRef = 0E6BF05C2DB9BA500094326A /* InfoResponse.swift */; };
		0E6BF0602DB9BAD80094326A /* InfoError.swift in Sources */ = {isa = PBXBuildFile; fileRef = 0E6BF05F2DB9BAD30094326A /* InfoError.swift */; };
		0E6BF0632DB9BAF40094326A /* InfoRepository.swift in Sources */ = {isa = PBXBuildFile; fileRef = 0E6BF0622DB9BAEF0094326A /* InfoRepository.swift */; };
		0E6BF0662DB9BB3A0094326A /* InfoRepositoryImpl.swift in Sources */ = {isa = PBXBuildFile; fileRef = 0E6BF0652DB9BB370094326A /* InfoRepositoryImpl.swift */; };
		0E6BF0692DB9BBCD0094326A /* InfoUseCase.swift in Sources */ = {isa = PBXBuildFile; fileRef = 0E6BF0682DB9BBC90094326A /* InfoUseCase.swift */; };
		0E6BF06B2DB9BBD40094326A /* InfoUseCaseImpl.swift in Sources */ = {isa = PBXBuildFile; fileRef = 0E6BF06A2DB9BBCF0094326A /* InfoUseCaseImpl.swift */; };
		0E6BF06D2DB9BC930094326A /* FilterViewController.swift in Sources */ = {isa = PBXBuildFile; fileRef = 0E6BF06C2DB9BC8C0094326A /* FilterViewController.swift */; };
		0E6BF06F2DB9BC9F0094326A /* FilterViewModel.swift in Sources */ = {isa = PBXBuildFile; fileRef = 0E6BF06E2DB9BC9B0094326A /* FilterViewModel.swift */; };
		0E6BF0732DB9C1A30094326A /* EmptyTableCell.swift in Sources */ = {isa = PBXBuildFile; fileRef = 0E6BF0722DB9C19E0094326A /* EmptyTableCell.swift */; };
		0E6BF0772DB9C1BB0094326A /* EmptyTableCell.xib in Resources */ = {isa = PBXBuildFile; fileRef = 0E6BF0762DB9C1BB0094326A /* EmptyTableCell.xib */; };
		0E6BF0792DB9C4BD0094326A /* GreetingHelperTests.swift in Sources */ = {isa = PBXBuildFile; fileRef = 0E6BF0782DB9C4BB0094326A /* GreetingHelperTests.swift */; };
		0E6BF07B2DB9C9930094326A /* DecodeHelper.swift in Sources */ = {isa = PBXBuildFile; fileRef = 0E6BF07A2DB9C98E0094326A /* DecodeHelper.swift */; };
		0E6BF07D2DB9CB2D0094326A /* AuthServiceTests.swift in Sources */ = {isa = PBXBuildFile; fileRef = 0E6BF07C2DB9CB2C0094326A /* AuthServiceTests.swift */; };
		0E6BF0882DB9CE570094326A /* RecentSearchManager.swift in Sources */ = {isa = PBXBuildFile; fileRef = 0E6BF0872DB9CE560094326A /* RecentSearchManager.swift */; };
		0E6BF08A2DB9D3D60094326A /* SearchViewController+UITableView.swift in Sources */ = {isa = PBXBuildFile; fileRef = 0E6BF0892DB9D3C80094326A /* SearchViewController+UITableView.swift */; };
		0E6BF08C2DB9D46F0094326A /* SearchViewController+UISearchBar.swift in Sources */ = {isa = PBXBuildFile; fileRef = 0E6BF08B2DB9D4690094326A /* SearchViewController+UISearchBar.swift */; };
		0E6BF08E2DB9D6830094326A /* RecentSearchManagerTests.swift in Sources */ = {isa = PBXBuildFile; fileRef = 0E6BF08D2DB9D6820094326A /* RecentSearchManagerTests.swift */; };
		0E6BF0902DB9D7FE0094326A /* StringExtensionTest.swift in Sources */ = {isa = PBXBuildFile; fileRef = 0E6BF08F2DB9D7EA0094326A /* StringExtensionTest.swift */; };
		0E6BF0942DB9DAED0094326A /* DetailError.swift in Sources */ = {isa = PBXBuildFile; fileRef = 0E6BF0932DB9DAEA0094326A /* DetailError.swift */; };
		0E6BF0972DB9DB050094326A /* DetailRepositoryImpl.swift in Sources */ = {isa = PBXBuildFile; fileRef = 0E6BF0962DB9DB010094326A /* DetailRepositoryImpl.swift */; };
		0E6BF09B2DB9DB400094326A /* DetailRepository.swift in Sources */ = {isa = PBXBuildFile; fileRef = 0E6BF09A2DB9DB3A0094326A /* DetailRepository.swift */; };
		0E6BF09E2DB9DC5C0094326A /* DetailType.swift in Sources */ = {isa = PBXBuildFile; fileRef = 0E6BF09D2DB9DC580094326A /* DetailType.swift */; };
		0E6BF0A02DB9DD4C0094326A /* DetailUseCase.swift in Sources */ = {isa = PBXBuildFile; fileRef = 0E6BF09F2DB9DD470094326A /* DetailUseCase.swift */; };
		0E6BF0A22DB9DD5A0094326A /* DetailUseCaseImpl.swift in Sources */ = {isa = PBXBuildFile; fileRef = 0E6BF0A12DB9DD520094326A /* DetailUseCaseImpl.swift */; };
		0E6BF0A42DB9DE140094326A /* DetailViewModel.swift in Sources */ = {isa = PBXBuildFile; fileRef = 0E6BF0A32DB9DE110094326A /* DetailViewModel.swift */; };
		0E6BF0A62DB9DFC20094326A /* DetailViewController.swift in Sources */ = {isa = PBXBuildFile; fileRef = 0E6BF0A52DB9DFBB0094326A /* DetailViewController.swift */; };
		0E6BF0AA2DB9DFD80094326A /* DetailViewController.xib in Resources */ = {isa = PBXBuildFile; fileRef = 0E6BF0A92DB9DFD80094326A /* DetailViewController.xib */; };
		0EB7A60C2DB7828A006408A2 /* NetworkRepository.swift in Sources */ = {isa = PBXBuildFile; fileRef = 0EB7A6002DB7828A006408A2 /* NetworkRepository.swift */; };
		0EB7A60D2DB7828A006408A2 /* NetworkRepositoryImpl.swift in Sources */ = {isa = PBXBuildFile; fileRef = 0EB7A6012DB7828A006408A2 /* NetworkRepositoryImpl.swift */; };
		0EB7A60E2DB7828A006408A2 /* URLSessionProtocol.swift in Sources */ = {isa = PBXBuildFile; fileRef = 0EB7A6022DB7828A006408A2 /* URLSessionProtocol.swift */; };
		0EB7A60F2DB7828A006408A2 /* AppDelegate.swift in Sources */ = {isa = PBXBuildFile; fileRef = 0EB7A6042DB7828A006408A2 /* AppDelegate.swift */; };
		0EB7A6102DB7828A006408A2 /* ViewController.swift in Sources */ = {isa = PBXBuildFile; fileRef = 0EB7A6082DB7828A006408A2 /* ViewController.swift */; };
		0EB7A6112DB7828A006408A2 /* Assets.xcassets in Resources */ = {isa = PBXBuildFile; fileRef = 0EB7A6052DB7828A006408A2 /* Assets.xcassets */; };
		0EB7A6122DB7828A006408A2 /* LaunchScreen.storyboard in Resources */ = {isa = PBXBuildFile; fileRef = 0EB7A6072DB7828A006408A2 /* LaunchScreen.storyboard */; };
		0EB7A6682DB785A0006408A2 /* MockNetworkRepository.swift in Sources */ = {isa = PBXBuildFile; fileRef = 0EB7A6622DB785A0006408A2 /* MockNetworkRepository.swift */; };
		0EB7A6692DB785A0006408A2 /* NewsFetcher.swift in Sources */ = {isa = PBXBuildFile; fileRef = 0EB7A6632DB785A0006408A2 /* NewsFetcher.swift */; };
		0EB7A66A2DB785A0006408A2 /* NetworkRepositoryTests.swift in Sources */ = {isa = PBXBuildFile; fileRef = 0EB7A6652DB785A0006408A2 /* NetworkRepositoryTests.swift */; };
		0EB7A66B2DB785A0006408A2 /* NewsAppTests.swift in Sources */ = {isa = PBXBuildFile; fileRef = 0EB7A6662DB785A0006408A2 /* NewsAppTests.swift */; };
		0EB7A66F2DB785A2006408A2 /* NewsAppUITests.swift in Sources */ = {isa = PBXBuildFile; fileRef = 0EB7A66C2DB785A2006408A2 /* NewsAppUITests.swift */; };
		0EB7A6702DB785A2006408A2 /* NewsAppUITestsLaunchTests.swift in Sources */ = {isa = PBXBuildFile; fileRef = 0EB7A66D2DB785A2006408A2 /* NewsAppUITestsLaunchTests.swift */; };
		0EB7A6722DB78E00006408A2 /* api_cert.cer in Resources */ = {isa = PBXBuildFile; fileRef = 0EB7A6712DB78E00006408A2 /* api_cert.cer */; };
		0EB7A6742DB78E7F006408A2 /* SSLSessionFactory.swift in Sources */ = {isa = PBXBuildFile; fileRef = 0EB7A6732DB78E7D006408A2 /* SSLSessionFactory.swift */; };
		0EB7A6D92DB78EB7006408A2 /* AppConstants.swift in Sources */ = {isa = PBXBuildFile; fileRef = 0EB7A6D82DB78EB6006408A2 /* AppConstants.swift */; };
		0EB7A6DE2DB78FB9006408A2 /* AppDIContainer.swift in Sources */ = {isa = PBXBuildFile; fileRef = 0EB7A6DD2DB78FB8006408A2 /* AppDIContainer.swift */; };
		0EB7A6E02DB79021006408A2 /* SLLPanningTests.swift in Sources */ = {isa = PBXBuildFile; fileRef = 0EB7A6DF2DB7901A006408A2 /* SLLPanningTests.swift */; };
		0EB7A6E42DB7965B006408A2 /* MockAuthService.swift in Sources */ = {isa = PBXBuildFile; fileRef = 0EB7A6E32DB7965A006408A2 /* MockAuthService.swift */; };
		0EB7A6E92DB7D22C006408A2 /* Auth0Config.swift in Sources */ = {isa = PBXBuildFile; fileRef = 0EB7A6E82DB7D22B006408A2 /* Auth0Config.swift */; };
		0EB7A6F22DB7D999006408A2 /* AuthRepositoryTests.swift in Sources */ = {isa = PBXBuildFile; fileRef = 0EB7A6F12DB7D998006408A2 /* AuthRepositoryTests.swift */; };
		0EB7A6F32DB7DAB9006408A2 /* AuthRepositoryImpl.swift in Sources */ = {isa = PBXBuildFile; fileRef = 0EB7A6EE2DB7D30C006408A2 /* AuthRepositoryImpl.swift */; };
		0EB7A6F42DB7DAC5006408A2 /* AuthRepositoryProtocol.swift in Sources */ = {isa = PBXBuildFile; fileRef = 0EB7A6EF2DB7D30C006408A2 /* AuthRepositoryProtocol.swift */; };
		0EB7A6F62DB7DB4E006408A2 /* AuthService.swift in Sources */ = {isa = PBXBuildFile; fileRef = 0EB7A6F52DB7DB4D006408A2 /* AuthService.swift */; };
		0EB7A7022DB813EF006408A2 /* LoginViewController.xib in Resources */ = {isa = PBXBuildFile; fileRef = 0EB7A7012DB813EF006408A2 /* LoginViewController.xib */; };
		0EB7A7042DB813F8006408A2 /* LoginViewController.swift in Sources */ = {isa = PBXBuildFile; fileRef = 0EB7A7032DB813F7006408A2 /* LoginViewController.swift */; };
		0EB7A7082DB81C31006408A2 /* LoginViewModel.swift in Sources */ = {isa = PBXBuildFile; fileRef = 0EB7A7072DB81C2D006408A2 /* LoginViewModel.swift */; };
		0EB7A70B2DB81CC4006408A2 /* LoginError.swift in Sources */ = {isa = PBXBuildFile; fileRef = 0EB7A70A2DB81CC1006408A2 /* LoginError.swift */; };
		0EB7A70F2DB81FA5006408A2 /* LoginRepository.swift in Sources */ = {isa = PBXBuildFile; fileRef = 0EB7A70E2DB81FA0006408A2 /* LoginRepository.swift */; };
		0EB7A7122DB82044006408A2 /* LoginRepositoryImpl.swift in Sources */ = {isa = PBXBuildFile; fileRef = 0EB7A7112DB8203E006408A2 /* LoginRepositoryImpl.swift */; };
		0EB7A7142DB82291006408A2 /* LoginUseCase.swift in Sources */ = {isa = PBXBuildFile; fileRef = 0EB7A7132DB8228E006408A2 /* LoginUseCase.swift */; };
		0EB7A7172DB822B3006408A2 /* LoginUseCaseImpl.swift in Sources */ = {isa = PBXBuildFile; fileRef = 0EB7A7162DB822B3006408A2 /* LoginUseCaseImpl.swift */; };
		0EB7A71A2DB82E9B006408A2 /* Alert.swift in Sources */ = {isa = PBXBuildFile; fileRef = 0EB7A7192DB82E9B006408A2 /* Alert.swift */; };
		0EB7A7232DB837B6006408A2 /* RegisterViewController.swift in Sources */ = {isa = PBXBuildFile; fileRef = 0EB7A7222DB837B1006408A2 /* RegisterViewController.swift */; };
		0EB7A7252DB837C3006408A2 /* RegisterViewController.xib in Resources */ = {isa = PBXBuildFile; fileRef = 0EB7A7242DB837C3006408A2 /* RegisterViewController.xib */; };
		0EB7A7282DB83B01006408A2 /* RegisterError.swift in Sources */ = {isa = PBXBuildFile; fileRef = 0EB7A7272DB83B01006408A2 /* RegisterError.swift */; };
		0EB7A72B2DB83B24006408A2 /* RegisterRepositoryImpl.swift in Sources */ = {isa = PBXBuildFile; fileRef = 0EB7A72A2DB83B1F006408A2 /* RegisterRepositoryImpl.swift */; };
		0EB7A72F2DB83B45006408A2 /* RegisterRepository.swift in Sources */ = {isa = PBXBuildFile; fileRef = 0EB7A72E2DB83B40006408A2 /* RegisterRepository.swift */; };
		0EB7A7312DB83BB6006408A2 /* RegisterUseCase.swift in Sources */ = {isa = PBXBuildFile; fileRef = 0EB7A7302DB83BAE006408A2 /* RegisterUseCase.swift */; };
		0EB7A7332DB83BE7006408A2 /* RegisterUseCaseImpl.swift in Sources */ = {isa = PBXBuildFile; fileRef = 0EB7A7322DB83BDF006408A2 /* RegisterUseCaseImpl.swift */; };
		0EB7A7352DB83CC7006408A2 /* RegisterViewModel.swift in Sources */ = {isa = PBXBuildFile; fileRef = 0EB7A7342DB83CC1006408A2 /* RegisterViewModel.swift */; };
		0EB7A7382DB83F34006408A2 /* StringExtension.swift in Sources */ = {isa = PBXBuildFile; fileRef = 0EB7A7372DB83F31006408A2 /* StringExtension.swift */; };
		0EB7A73A2DB83F7C006408A2 /* PasswordValidatorTests.swift in Sources */ = {isa = PBXBuildFile; fileRef = 0EB7A7392DB83F59006408A2 /* PasswordValidatorTests.swift */; };
		0EB7A73D2DB84231006408A2 /* EmailValidatorTests.swift in Sources */ = {isa = PBXBuildFile; fileRef = 0EB7A73C2DB8422C006408A2 /* EmailValidatorTests.swift */; };
		0EB7A7A12DB851DE006408A2 /* CodableCredentials.swift in Sources */ = {isa = PBXBuildFile; fileRef = 0EB7A7A02DB851D9006408A2 /* CodableCredentials.swift */; };
		0EB7A7A52DB855DD006408A2 /* CredentialsStorage.swift in Sources */ = {isa = PBXBuildFile; fileRef = 0EB7A7A42DB855DC006408A2 /* CredentialsStorage.swift */; };
		4C7479549AED9BF88A278C56 /* Pods_NewsApp_NewsAppUITests.framework in Frameworks */ = {isa = PBXBuildFile; fileRef = 3F0FF6A6D4DD6AE8C373579F /* Pods_NewsApp_NewsAppUITests.framework */; };
		625A4DB1BED37C5C215D9CAF /* Pods_NewsApp.framework in Frameworks */ = {isa = PBXBuildFile; fileRef = FA4296C5632ADB3BCD233EFB /* Pods_NewsApp.framework */; };
		EDE1036A2D1CED52A3F7C65A /* Pods_NewsAppTests.framework in Frameworks */ = {isa = PBXBuildFile; fileRef = 0C2C44D4F1DD4B96E3D5F975 /* Pods_NewsAppTests.framework */; };
/* End PBXBuildFile section */

/* Begin PBXContainerItemProxy section */
		0EB7A5642DB744F3006408A2 /* PBXContainerItemProxy */ = {
			isa = PBXContainerItemProxy;
			containerPortal = 0EB7A5452DB744F2006408A2 /* Project object */;
			proxyType = 1;
			remoteGlobalIDString = 0EB7A54C2DB744F2006408A2;
			remoteInfo = NewsApp;
		};
		0EB7A56E2DB744F3006408A2 /* PBXContainerItemProxy */ = {
			isa = PBXContainerItemProxy;
			containerPortal = 0EB7A5452DB744F2006408A2 /* Project object */;
			proxyType = 1;
			remoteGlobalIDString = 0EB7A54C2DB744F2006408A2;
			remoteInfo = NewsApp;
		};
/* End PBXContainerItemProxy section */

/* Begin PBXFileReference section */
		0C2C44D4F1DD4B96E3D5F975 /* Pods_NewsAppTests.framework */ = {isa = PBXFileReference; explicitFileType = wrapper.framework; includeInIndex = 0; path = Pods_NewsAppTests.framework; sourceTree = BUILT_PRODUCTS_DIR; };
		0E6BEF0F2DB862A40094326A /* NotificationHelper.swift */ = {isa = PBXFileReference; lastKnownFileType = sourcecode.swift; path = NotificationHelper.swift; sourceTree = "<group>"; };
		0E6BEF112DB8771B0094326A /* ParentViewController.swift */ = {isa = PBXFileReference; lastKnownFileType = sourcecode.swift; path = ParentViewController.swift; sourceTree = "<group>"; };
		0E6BEF1C2DB8A7A70094326A /* NewsResponse.swift */ = {isa = PBXFileReference; lastKnownFileType = sourcecode.swift; path = NewsResponse.swift; sourceTree = "<group>"; };
		0E6BEF222DB8A96E0094326A /* HomeViewModel.swift */ = {isa = PBXFileReference; lastKnownFileType = sourcecode.swift; path = HomeViewModel.swift; sourceTree = "<group>"; };
		0E6BEF242DB8A9760094326A /* HomeViewController.swift */ = {isa = PBXFileReference; lastKnownFileType = sourcecode.swift; path = HomeViewController.swift; sourceTree = "<group>"; };
		0E6BEF262DB8A98F0094326A /* HomeViewController.xib */ = {isa = PBXFileReference; lastKnownFileType = file.xib; path = HomeViewController.xib; sourceTree = "<group>"; };
		0E6BEF292DB8ADA20094326A /* SectionTableCell.swift */ = {isa = PBXFileReference; lastKnownFileType = sourcecode.swift; path = SectionTableCell.swift; sourceTree = "<group>"; };
		0E6BEF2D2DB8ADB90094326A /* SectionTableCell.xib */ = {isa = PBXFileReference; lastKnownFileType = file.xib; path = SectionTableCell.xib; sourceTree = "<group>"; };
		0E6BEF312DB8B0980094326A /* ItemCell.swift */ = {isa = PBXFileReference; lastKnownFileType = sourcecode.swift; path = ItemCell.swift; sourceTree = "<group>"; };
		0E6BEF332DB8B0B70094326A /* ItemCell.xib */ = {isa = PBXFileReference; lastKnownFileType = file.xib; path = ItemCell.xib; sourceTree = "<group>"; };
		0E6BEF362DB8B5F00094326A /* SectionHeaderView.swift */ = {isa = PBXFileReference; lastKnownFileType = sourcecode.swift; path = SectionHeaderView.swift; sourceTree = "<group>"; };
		0E6BEF9C2DB8C0A80094326A /* FetchNewsError.swift */ = {isa = PBXFileReference; lastKnownFileType = sourcecode.swift; path = FetchNewsError.swift; sourceTree = "<group>"; };
		0E6BEF9F2DB8C0F60094326A /* NewsRepository.swift */ = {isa = PBXFileReference; lastKnownFileType = sourcecode.swift; path = NewsRepository.swift; sourceTree = "<group>"; };
		0E6BEFA22DB8C16C0094326A /* NewsRepositoryImpl.swift */ = {isa = PBXFileReference; lastKnownFileType = sourcecode.swift; path = NewsRepositoryImpl.swift; sourceTree = "<group>"; };
		0E6BEFAB2DB8CC790094326A /* NewsType.swift */ = {isa = PBXFileReference; lastKnownFileType = sourcecode.swift; path = NewsType.swift; sourceTree = "<group>"; };
		0E6BF0112DB8CE090094326A /* IntExtension.swift */ = {isa = PBXFileReference; lastKnownFileType = sourcecode.swift; path = IntExtension.swift; sourceTree = "<group>"; };
		0E6BF0142DB8CEF40094326A /* FetchNewsUseCase.swift */ = {isa = PBXFileReference; lastKnownFileType = sourcecode.swift; path = FetchNewsUseCase.swift; sourceTree = "<group>"; };
		0E6BF0172DB8CF5A0094326A /* FetchNewsUseCaseImpl.swift */ = {isa = PBXFileReference; lastKnownFileType = sourcecode.swift; path = FetchNewsUseCaseImpl.swift; sourceTree = "<group>"; };
		0E6BF0212DB923550094326A /* SearchViewController.swift */ = {isa = PBXFileReference; lastKnownFileType = sourcecode.swift; path = SearchViewController.swift; sourceTree = "<group>"; };
		0E6BF0232DB923670094326A /* SearchViewController.xib */ = {isa = PBXFileReference; lastKnownFileType = file.xib; path = SearchViewController.xib; sourceTree = "<group>"; };
		0E6BF0342DB992090094326A /* NetworkConstants.swift */ = {isa = PBXFileReference; lastKnownFileType = sourcecode.swift; path = NetworkConstants.swift; sourceTree = "<group>"; };
		0E6BF0362DB992640094326A /* NewsAPIService.swift */ = {isa = PBXFileReference; lastKnownFileType = sourcecode.swift; path = NewsAPIService.swift; sourceTree = "<group>"; };
		0E6BF0382DB995770094326A /* SearchTableCell.swift */ = {isa = PBXFileReference; lastKnownFileType = sourcecode.swift; path = SearchTableCell.swift; sourceTree = "<group>"; };
		0E6BF0392DB995770094326A /* SearchTableCell.xib */ = {isa = PBXFileReference; lastKnownFileType = file.xib; path = SearchTableCell.xib; sourceTree = "<group>"; };
		0E6BF03D2DB995EF0094326A /* SearchViewModel.swift */ = {isa = PBXFileReference; lastKnownFileType = sourcecode.swift; path = SearchViewModel.swift; sourceTree = "<group>"; };
		0E6BF0402DB9962F0094326A /* SearchNewsError.swift */ = {isa = PBXFileReference; lastKnownFileType = sourcecode.swift; path = SearchNewsError.swift; sourceTree = "<group>"; };
		0E6BF0432DB996510094326A /* SearchNewsRepositoryImpl.swift */ = {isa = PBXFileReference; lastKnownFileType = sourcecode.swift; path = SearchNewsRepositoryImpl.swift; sourceTree = "<group>"; };
		0E6BF0462DB996770094326A /* SearchNewsRepository.swift */ = {isa = PBXFileReference; lastKnownFileType = sourcecode.swift; path = SearchNewsRepository.swift; sourceTree = "<group>"; };
		0E6BF0492DB996FB0094326A /* SearchNewsUseCaseImpl.swift */ = {isa = PBXFileReference; lastKnownFileType = sourcecode.swift; path = SearchNewsUseCaseImpl.swift; sourceTree = "<group>"; };
		0E6BF04B2DB997070094326A /* SearchNewsUseCase.swift */ = {isa = PBXFileReference; lastKnownFileType = sourcecode.swift; path = SearchNewsUseCase.swift; sourceTree = "<group>"; };
		0E6BF04D2DB9AB940094326A /* SortingHelper.swift */ = {isa = PBXFileReference; lastKnownFileType = sourcecode.swift; path = SortingHelper.swift; sourceTree = "<group>"; };
		0E6BF04F2DB9ABB70094326A /* SortingHelperTests.swift */ = {isa = PBXFileReference; lastKnownFileType = sourcecode.swift; path = SortingHelperTests.swift; sourceTree = "<group>"; };
		0E6BF0512DB9AEB90094326A /* NewsSiteHelper.swift */ = {isa = PBXFileReference; lastKnownFileType = sourcecode.swift; path = NewsSiteHelper.swift; sourceTree = "<group>"; };
		0E6BF05C2DB9BA500094326A /* InfoResponse.swift */ = {isa = PBXFileReference; lastKnownFileType = sourcecode.swift; path = InfoResponse.swift; sourceTree = "<group>"; };
		0E6BF05F2DB9BAD30094326A /* InfoError.swift */ = {isa = PBXFileReference; lastKnownFileType = sourcecode.swift; path = InfoError.swift; sourceTree = "<group>"; };
		0E6BF0622DB9BAEF0094326A /* InfoRepository.swift */ = {isa = PBXFileReference; lastKnownFileType = sourcecode.swift; path = InfoRepository.swift; sourceTree = "<group>"; };
		0E6BF0652DB9BB370094326A /* InfoRepositoryImpl.swift */ = {isa = PBXFileReference; lastKnownFileType = sourcecode.swift; path = InfoRepositoryImpl.swift; sourceTree = "<group>"; };
		0E6BF0682DB9BBC90094326A /* InfoUseCase.swift */ = {isa = PBXFileReference; lastKnownFileType = sourcecode.swift; path = InfoUseCase.swift; sourceTree = "<group>"; };
		0E6BF06A2DB9BBCF0094326A /* InfoUseCaseImpl.swift */ = {isa = PBXFileReference; lastKnownFileType = sourcecode.swift; path = InfoUseCaseImpl.swift; sourceTree = "<group>"; };
		0E6BF06C2DB9BC8C0094326A /* FilterViewController.swift */ = {isa = PBXFileReference; lastKnownFileType = sourcecode.swift; path = FilterViewController.swift; sourceTree = "<group>"; };
		0E6BF06E2DB9BC9B0094326A /* FilterViewModel.swift */ = {isa = PBXFileReference; lastKnownFileType = sourcecode.swift; path = FilterViewModel.swift; sourceTree = "<group>"; };
		0E6BF0722DB9C19E0094326A /* EmptyTableCell.swift */ = {isa = PBXFileReference; lastKnownFileType = sourcecode.swift; path = EmptyTableCell.swift; sourceTree = "<group>"; };
		0E6BF0762DB9C1BB0094326A /* EmptyTableCell.xib */ = {isa = PBXFileReference; lastKnownFileType = file.xib; path = EmptyTableCell.xib; sourceTree = "<group>"; };
		0E6BF0782DB9C4BB0094326A /* GreetingHelperTests.swift */ = {isa = PBXFileReference; lastKnownFileType = sourcecode.swift; path = GreetingHelperTests.swift; sourceTree = "<group>"; };
		0E6BF07A2DB9C98E0094326A /* DecodeHelper.swift */ = {isa = PBXFileReference; lastKnownFileType = sourcecode.swift; path = DecodeHelper.swift; sourceTree = "<group>"; };
		0E6BF07C2DB9CB2C0094326A /* AuthServiceTests.swift */ = {isa = PBXFileReference; lastKnownFileType = sourcecode.swift; path = AuthServiceTests.swift; sourceTree = "<group>"; };
		0E6BF0872DB9CE560094326A /* RecentSearchManager.swift */ = {isa = PBXFileReference; lastKnownFileType = sourcecode.swift; path = RecentSearchManager.swift; sourceTree = "<group>"; };
		0E6BF0892DB9D3C80094326A /* SearchViewController+UITableView.swift */ = {isa = PBXFileReference; lastKnownFileType = sourcecode.swift; path = "SearchViewController+UITableView.swift"; sourceTree = "<group>"; };
		0E6BF08B2DB9D4690094326A /* SearchViewController+UISearchBar.swift */ = {isa = PBXFileReference; lastKnownFileType = sourcecode.swift; path = "SearchViewController+UISearchBar.swift"; sourceTree = "<group>"; };
		0E6BF08D2DB9D6820094326A /* RecentSearchManagerTests.swift */ = {isa = PBXFileReference; lastKnownFileType = sourcecode.swift; path = RecentSearchManagerTests.swift; sourceTree = "<group>"; };
		0E6BF08F2DB9D7EA0094326A /* StringExtensionTest.swift */ = {isa = PBXFileReference; lastKnownFileType = sourcecode.swift; path = StringExtensionTest.swift; sourceTree = "<group>"; };
		0E6BF0932DB9DAEA0094326A /* DetailError.swift */ = {isa = PBXFileReference; lastKnownFileType = sourcecode.swift; path = DetailError.swift; sourceTree = "<group>"; };
		0E6BF0962DB9DB010094326A /* DetailRepositoryImpl.swift */ = {isa = PBXFileReference; lastKnownFileType = sourcecode.swift; path = DetailRepositoryImpl.swift; sourceTree = "<group>"; };
		0E6BF09A2DB9DB3A0094326A /* DetailRepository.swift */ = {isa = PBXFileReference; lastKnownFileType = sourcecode.swift; path = DetailRepository.swift; sourceTree = "<group>"; };
		0E6BF09D2DB9DC580094326A /* DetailType.swift */ = {isa = PBXFileReference; lastKnownFileType = sourcecode.swift; path = DetailType.swift; sourceTree = "<group>"; };
		0E6BF09F2DB9DD470094326A /* DetailUseCase.swift */ = {isa = PBXFileReference; lastKnownFileType = sourcecode.swift; path = DetailUseCase.swift; sourceTree = "<group>"; };
		0E6BF0A12DB9DD520094326A /* DetailUseCaseImpl.swift */ = {isa = PBXFileReference; lastKnownFileType = sourcecode.swift; path = DetailUseCaseImpl.swift; sourceTree = "<group>"; };
		0E6BF0A32DB9DE110094326A /* DetailViewModel.swift */ = {isa = PBXFileReference; lastKnownFileType = sourcecode.swift; path = DetailViewModel.swift; sourceTree = "<group>"; };
		0E6BF0A52DB9DFBB0094326A /* DetailViewController.swift */ = {isa = PBXFileReference; lastKnownFileType = sourcecode.swift; path = DetailViewController.swift; sourceTree = "<group>"; };
		0E6BF0A92DB9DFD80094326A /* DetailViewController.xib */ = {isa = PBXFileReference; lastKnownFileType = file.xib; path = DetailViewController.xib; sourceTree = "<group>"; };
		0EB7A54D2DB744F2006408A2 /* NewsApp.app */ = {isa = PBXFileReference; explicitFileType = wrapper.application; includeInIndex = 0; path = NewsApp.app; sourceTree = BUILT_PRODUCTS_DIR; };
		0EB7A5632DB744F3006408A2 /* NewsAppTests.xctest */ = {isa = PBXFileReference; explicitFileType = wrapper.cfbundle; includeInIndex = 0; path = NewsAppTests.xctest; sourceTree = BUILT_PRODUCTS_DIR; };
		0EB7A56D2DB744F3006408A2 /* NewsAppUITests.xctest */ = {isa = PBXFileReference; explicitFileType = wrapper.cfbundle; includeInIndex = 0; path = NewsAppUITests.xctest; sourceTree = BUILT_PRODUCTS_DIR; };
		0EB7A6002DB7828A006408A2 /* NetworkRepository.swift */ = {isa = PBXFileReference; lastKnownFileType = sourcecode.swift; path = NetworkRepository.swift; sourceTree = "<group>"; };
		0EB7A6012DB7828A006408A2 /* NetworkRepositoryImpl.swift */ = {isa = PBXFileReference; lastKnownFileType = sourcecode.swift; path = NetworkRepositoryImpl.swift; sourceTree = "<group>"; };
		0EB7A6022DB7828A006408A2 /* URLSessionProtocol.swift */ = {isa = PBXFileReference; lastKnownFileType = sourcecode.swift; path = URLSessionProtocol.swift; sourceTree = "<group>"; };
		0EB7A6042DB7828A006408A2 /* AppDelegate.swift */ = {isa = PBXFileReference; lastKnownFileType = sourcecode.swift; path = AppDelegate.swift; sourceTree = "<group>"; };
		0EB7A6052DB7828A006408A2 /* Assets.xcassets */ = {isa = PBXFileReference; lastKnownFileType = folder.assetcatalog; path = Assets.xcassets; sourceTree = "<group>"; };
		0EB7A6062DB7828A006408A2 /* Base */ = {isa = PBXFileReference; lastKnownFileType = file.storyboard; name = Base; path = Base.lproj/LaunchScreen.storyboard; sourceTree = "<group>"; };
		0EB7A6082DB7828A006408A2 /* ViewController.swift */ = {isa = PBXFileReference; lastKnownFileType = sourcecode.swift; path = ViewController.swift; sourceTree = "<group>"; };
		0EB7A60A2DB7828A006408A2 /* Info.plist */ = {isa = PBXFileReference; lastKnownFileType = text.plist.xml; path = Info.plist; sourceTree = "<group>"; };
		0EB7A6622DB785A0006408A2 /* MockNetworkRepository.swift */ = {isa = PBXFileReference; lastKnownFileType = sourcecode.swift; path = MockNetworkRepository.swift; sourceTree = "<group>"; };
		0EB7A6632DB785A0006408A2 /* NewsFetcher.swift */ = {isa = PBXFileReference; lastKnownFileType = sourcecode.swift; path = NewsFetcher.swift; sourceTree = "<group>"; };
		0EB7A6652DB785A0006408A2 /* NetworkRepositoryTests.swift */ = {isa = PBXFileReference; lastKnownFileType = sourcecode.swift; path = NetworkRepositoryTests.swift; sourceTree = "<group>"; };
		0EB7A6662DB785A0006408A2 /* NewsAppTests.swift */ = {isa = PBXFileReference; lastKnownFileType = sourcecode.swift; path = NewsAppTests.swift; sourceTree = "<group>"; };
		0EB7A66C2DB785A2006408A2 /* NewsAppUITests.swift */ = {isa = PBXFileReference; lastKnownFileType = sourcecode.swift; path = NewsAppUITests.swift; sourceTree = "<group>"; };
		0EB7A66D2DB785A2006408A2 /* NewsAppUITestsLaunchTests.swift */ = {isa = PBXFileReference; lastKnownFileType = sourcecode.swift; path = NewsAppUITestsLaunchTests.swift; sourceTree = "<group>"; };
		0EB7A6712DB78E00006408A2 /* api_cert.cer */ = {isa = PBXFileReference; lastKnownFileType = file; path = api_cert.cer; sourceTree = "<group>"; };
		0EB7A6732DB78E7D006408A2 /* SSLSessionFactory.swift */ = {isa = PBXFileReference; lastKnownFileType = sourcecode.swift; path = SSLSessionFactory.swift; sourceTree = "<group>"; };
		0EB7A6D82DB78EB6006408A2 /* AppConstants.swift */ = {isa = PBXFileReference; lastKnownFileType = sourcecode.swift; path = AppConstants.swift; sourceTree = "<group>"; };
		0EB7A6DD2DB78FB8006408A2 /* AppDIContainer.swift */ = {isa = PBXFileReference; lastKnownFileType = sourcecode.swift; path = AppDIContainer.swift; sourceTree = "<group>"; };
		0EB7A6DF2DB7901A006408A2 /* SLLPanningTests.swift */ = {isa = PBXFileReference; lastKnownFileType = sourcecode.swift; path = SLLPanningTests.swift; sourceTree = "<group>"; };
		0EB7A6E32DB7965A006408A2 /* MockAuthService.swift */ = {isa = PBXFileReference; lastKnownFileType = sourcecode.swift; path = MockAuthService.swift; sourceTree = "<group>"; };
		0EB7A6E82DB7D22B006408A2 /* Auth0Config.swift */ = {isa = PBXFileReference; lastKnownFileType = sourcecode.swift; path = Auth0Config.swift; sourceTree = "<group>"; };
		0EB7A6EE2DB7D30C006408A2 /* AuthRepositoryImpl.swift */ = {isa = PBXFileReference; lastKnownFileType = sourcecode.swift; path = AuthRepositoryImpl.swift; sourceTree = "<group>"; };
		0EB7A6EF2DB7D30C006408A2 /* AuthRepositoryProtocol.swift */ = {isa = PBXFileReference; lastKnownFileType = sourcecode.swift; path = AuthRepositoryProtocol.swift; sourceTree = "<group>"; };
		0EB7A6F12DB7D998006408A2 /* AuthRepositoryTests.swift */ = {isa = PBXFileReference; lastKnownFileType = sourcecode.swift; path = AuthRepositoryTests.swift; sourceTree = "<group>"; };
		0EB7A6F52DB7DB4D006408A2 /* AuthService.swift */ = {isa = PBXFileReference; lastKnownFileType = sourcecode.swift; path = AuthService.swift; sourceTree = "<group>"; };
		0EB7A7012DB813EF006408A2 /* LoginViewController.xib */ = {isa = PBXFileReference; lastKnownFileType = file.xib; path = LoginViewController.xib; sourceTree = "<group>"; };
		0EB7A7032DB813F7006408A2 /* LoginViewController.swift */ = {isa = PBXFileReference; lastKnownFileType = sourcecode.swift; path = LoginViewController.swift; sourceTree = "<group>"; };
		0EB7A7072DB81C2D006408A2 /* LoginViewModel.swift */ = {isa = PBXFileReference; lastKnownFileType = sourcecode.swift; path = LoginViewModel.swift; sourceTree = "<group>"; };
		0EB7A70A2DB81CC1006408A2 /* LoginError.swift */ = {isa = PBXFileReference; lastKnownFileType = sourcecode.swift; path = LoginError.swift; sourceTree = "<group>"; };
		0EB7A70E2DB81FA0006408A2 /* LoginRepository.swift */ = {isa = PBXFileReference; lastKnownFileType = sourcecode.swift; path = LoginRepository.swift; sourceTree = "<group>"; };
		0EB7A7112DB8203E006408A2 /* LoginRepositoryImpl.swift */ = {isa = PBXFileReference; lastKnownFileType = sourcecode.swift; path = LoginRepositoryImpl.swift; sourceTree = "<group>"; };
		0EB7A7132DB8228E006408A2 /* LoginUseCase.swift */ = {isa = PBXFileReference; lastKnownFileType = sourcecode.swift; path = LoginUseCase.swift; sourceTree = "<group>"; };
		0EB7A7162DB822B3006408A2 /* LoginUseCaseImpl.swift */ = {isa = PBXFileReference; lastKnownFileType = sourcecode.swift; path = LoginUseCaseImpl.swift; sourceTree = "<group>"; };
		0EB7A7192DB82E9B006408A2 /* Alert.swift */ = {isa = PBXFileReference; lastKnownFileType = sourcecode.swift; path = Alert.swift; sourceTree = "<group>"; };
		0EB7A7222DB837B1006408A2 /* RegisterViewController.swift */ = {isa = PBXFileReference; lastKnownFileType = sourcecode.swift; path = RegisterViewController.swift; sourceTree = "<group>"; };
		0EB7A7242DB837C3006408A2 /* RegisterViewController.xib */ = {isa = PBXFileReference; lastKnownFileType = file.xib; path = RegisterViewController.xib; sourceTree = "<group>"; };
		0EB7A7272DB83B01006408A2 /* RegisterError.swift */ = {isa = PBXFileReference; lastKnownFileType = sourcecode.swift; path = RegisterError.swift; sourceTree = "<group>"; };
		0EB7A72A2DB83B1F006408A2 /* RegisterRepositoryImpl.swift */ = {isa = PBXFileReference; lastKnownFileType = sourcecode.swift; path = RegisterRepositoryImpl.swift; sourceTree = "<group>"; };
		0EB7A72E2DB83B40006408A2 /* RegisterRepository.swift */ = {isa = PBXFileReference; lastKnownFileType = sourcecode.swift; path = RegisterRepository.swift; sourceTree = "<group>"; };
		0EB7A7302DB83BAE006408A2 /* RegisterUseCase.swift */ = {isa = PBXFileReference; lastKnownFileType = sourcecode.swift; path = RegisterUseCase.swift; sourceTree = "<group>"; };
		0EB7A7322DB83BDF006408A2 /* RegisterUseCaseImpl.swift */ = {isa = PBXFileReference; lastKnownFileType = sourcecode.swift; path = RegisterUseCaseImpl.swift; sourceTree = "<group>"; };
		0EB7A7342DB83CC1006408A2 /* RegisterViewModel.swift */ = {isa = PBXFileReference; lastKnownFileType = sourcecode.swift; path = RegisterViewModel.swift; sourceTree = "<group>"; };
		0EB7A7372DB83F31006408A2 /* StringExtension.swift */ = {isa = PBXFileReference; lastKnownFileType = sourcecode.swift; path = StringExtension.swift; sourceTree = "<group>"; };
		0EB7A7392DB83F59006408A2 /* PasswordValidatorTests.swift */ = {isa = PBXFileReference; lastKnownFileType = sourcecode.swift; path = PasswordValidatorTests.swift; sourceTree = "<group>"; };
		0EB7A73C2DB8422C006408A2 /* EmailValidatorTests.swift */ = {isa = PBXFileReference; lastKnownFileType = sourcecode.swift; path = EmailValidatorTests.swift; sourceTree = "<group>"; };
		0EB7A7A02DB851D9006408A2 /* CodableCredentials.swift */ = {isa = PBXFileReference; lastKnownFileType = sourcecode.swift; path = CodableCredentials.swift; sourceTree = "<group>"; };
		0EB7A7A42DB855DC006408A2 /* CredentialsStorage.swift */ = {isa = PBXFileReference; lastKnownFileType = sourcecode.swift; path = CredentialsStorage.swift; sourceTree = "<group>"; };
		2FE9CDF0983CC17BC296F193 /* Pods-NewsApp-NewsAppUITests.release.xcconfig */ = {isa = PBXFileReference; includeInIndex = 1; lastKnownFileType = text.xcconfig; name = "Pods-NewsApp-NewsAppUITests.release.xcconfig"; path = "Target Support Files/Pods-NewsApp-NewsAppUITests/Pods-NewsApp-NewsAppUITests.release.xcconfig"; sourceTree = "<group>"; };
		3F0FF6A6D4DD6AE8C373579F /* Pods_NewsApp_NewsAppUITests.framework */ = {isa = PBXFileReference; explicitFileType = wrapper.framework; includeInIndex = 0; path = Pods_NewsApp_NewsAppUITests.framework; sourceTree = BUILT_PRODUCTS_DIR; };
		4120BD2DBFF3A61FF2D7AC42 /* Pods-NewsAppTests.debug.xcconfig */ = {isa = PBXFileReference; includeInIndex = 1; lastKnownFileType = text.xcconfig; name = "Pods-NewsAppTests.debug.xcconfig"; path = "Target Support Files/Pods-NewsAppTests/Pods-NewsAppTests.debug.xcconfig"; sourceTree = "<group>"; };
		62B080F85B3B440A9A8619A4 /* Pods-NewsAppTests.release.xcconfig */ = {isa = PBXFileReference; includeInIndex = 1; lastKnownFileType = text.xcconfig; name = "Pods-NewsAppTests.release.xcconfig"; path = "Target Support Files/Pods-NewsAppTests/Pods-NewsAppTests.release.xcconfig"; sourceTree = "<group>"; };
		8F62E75BD835B0819737F6A0 /* Pods-NewsApp.debug.xcconfig */ = {isa = PBXFileReference; includeInIndex = 1; lastKnownFileType = text.xcconfig; name = "Pods-NewsApp.debug.xcconfig"; path = "Target Support Files/Pods-NewsApp/Pods-NewsApp.debug.xcconfig"; sourceTree = "<group>"; };
		FA4296C5632ADB3BCD233EFB /* Pods_NewsApp.framework */ = {isa = PBXFileReference; explicitFileType = wrapper.framework; includeInIndex = 0; path = Pods_NewsApp.framework; sourceTree = BUILT_PRODUCTS_DIR; };
		FCE14EDCC2556F4623FCA596 /* Pods-NewsApp-NewsAppUITests.debug.xcconfig */ = {isa = PBXFileReference; includeInIndex = 1; lastKnownFileType = text.xcconfig; name = "Pods-NewsApp-NewsAppUITests.debug.xcconfig"; path = "Target Support Files/Pods-NewsApp-NewsAppUITests/Pods-NewsApp-NewsAppUITests.debug.xcconfig"; sourceTree = "<group>"; };
		FCF4E35CB3B179FBBF91CD28 /* Pods-NewsApp.release.xcconfig */ = {isa = PBXFileReference; includeInIndex = 1; lastKnownFileType = text.xcconfig; name = "Pods-NewsApp.release.xcconfig"; path = "Target Support Files/Pods-NewsApp/Pods-NewsApp.release.xcconfig"; sourceTree = "<group>"; };
/* End PBXFileReference section */

/* Begin PBXFrameworksBuildPhase section */
		0EB7A54A2DB744F2006408A2 /* Frameworks */ = {
			isa = PBXFrameworksBuildPhase;
			buildActionMask = 2147483647;
			files = (
				625A4DB1BED37C5C215D9CAF /* Pods_NewsApp.framework in Frameworks */,
			);
			runOnlyForDeploymentPostprocessing = 0;
		};
		0EB7A5602DB744F3006408A2 /* Frameworks */ = {
			isa = PBXFrameworksBuildPhase;
			buildActionMask = 2147483647;
			files = (
				EDE1036A2D1CED52A3F7C65A /* Pods_NewsAppTests.framework in Frameworks */,
			);
			runOnlyForDeploymentPostprocessing = 0;
		};
		0EB7A56A2DB744F3006408A2 /* Frameworks */ = {
			isa = PBXFrameworksBuildPhase;
			buildActionMask = 2147483647;
			files = (
				4C7479549AED9BF88A278C56 /* Pods_NewsApp_NewsAppUITests.framework in Frameworks */,
			);
			runOnlyForDeploymentPostprocessing = 0;
		};
/* End PBXFrameworksBuildPhase section */

/* Begin PBXGroup section */
		0E6BEF132DB8845D0094326A /* Home */ = {
			isa = PBXGroup;
			children = (
				0E6BEF162DB8846F0094326A /* Presenter */,
				0E6BEF152DB8846A0094326A /* Domain */,
				0E6BEF142DB884660094326A /* Data */,
			);
			path = Home;
			sourceTree = "<group>";
		};
		0E6BEF142DB884660094326A /* Data */ = {
			isa = PBXGroup;
			children = (
				0E6BEFA12DB8C1630094326A /* Repository */,
				0E6BEF9B2DB8C0980094326A /* Error */,
			);
			path = Data;
			sourceTree = "<group>";
		};
		0E6BEF152DB8846A0094326A /* Domain */ = {
			isa = PBXGroup;
			children = (
				0E6BF0132DB8CEC80094326A /* UseCase */,
				0E6BEFAA2DB8CC6C0094326A /* Entities */,
				0E6BEF9E2DB8C0E90094326A /* Repository */,
			);
			path = Domain;
			sourceTree = "<group>";
		};
		0E6BEF162DB8846F0094326A /* Presenter */ = {
			isa = PBXGroup;
			children = (
				0E6BEF192DB8A6E50094326A /* Model */,
				0E6BEF182DB8A6DD0094326A /* ViewModel */,
				0E6BEF172DB8A6D60094326A /* View */,
			);
			path = Presenter;
			sourceTree = "<group>";
		};
		0E6BEF172DB8A6D60094326A /* View */ = {
			isa = PBXGroup;
			children = (
				0E6BEF302DB8B0800094326A /* CollectionCell */,
				0E6BEF1B2DB8A6F00094326A /* TableCell */,
				0E6BEF1A2DB8A6EB0094326A /* Controller */,
			);
			path = View;
			sourceTree = "<group>";
		};
		0E6BEF182DB8A6DD0094326A /* ViewModel */ = {
			isa = PBXGroup;
			children = (
				0E6BEF222DB8A96E0094326A /* HomeViewModel.swift */,
			);
			path = ViewModel;
			sourceTree = "<group>";
		};
		0E6BEF192DB8A6E50094326A /* Model */ = {
			isa = PBXGroup;
			children = (
				0E6BEF1C2DB8A7A70094326A /* NewsResponse.swift */,
			);
			path = Model;
			sourceTree = "<group>";
		};
		0E6BEF1A2DB8A6EB0094326A /* Controller */ = {
			isa = PBXGroup;
			children = (
				0E6BEF242DB8A9760094326A /* HomeViewController.swift */,
				0E6BEF262DB8A98F0094326A /* HomeViewController.xib */,
			);
			path = Controller;
			sourceTree = "<group>";
		};
		0E6BEF1B2DB8A6F00094326A /* TableCell */ = {
			isa = PBXGroup;
			children = (
				0E6BEF352DB8B5C20094326A /* HeaderTableCell */,
				0E6BEF282DB8ABB20094326A /* SectionTableCell */,
			);
			path = TableCell;
			sourceTree = "<group>";
		};
		0E6BEF282DB8ABB20094326A /* SectionTableCell */ = {
			isa = PBXGroup;
			children = (
				0E6BEF292DB8ADA20094326A /* SectionTableCell.swift */,
				0E6BEF2D2DB8ADB90094326A /* SectionTableCell.xib */,
			);
			path = SectionTableCell;
			sourceTree = "<group>";
		};
		0E6BEF302DB8B0800094326A /* CollectionCell */ = {
			isa = PBXGroup;
			children = (
				0E6BEF312DB8B0980094326A /* ItemCell.swift */,
				0E6BEF332DB8B0B70094326A /* ItemCell.xib */,
			);
			path = CollectionCell;
			sourceTree = "<group>";
		};
		0E6BEF352DB8B5C20094326A /* HeaderTableCell */ = {
			isa = PBXGroup;
			children = (
				0E6BEF362DB8B5F00094326A /* SectionHeaderView.swift */,
			);
			path = HeaderTableCell;
			sourceTree = "<group>";
		};
		0E6BEF9B2DB8C0980094326A /* Error */ = {
			isa = PBXGroup;
			children = (
				0E6BEF9C2DB8C0A80094326A /* FetchNewsError.swift */,
			);
			path = Error;
			sourceTree = "<group>";
		};
		0E6BEF9E2DB8C0E90094326A /* Repository */ = {
			isa = PBXGroup;
			children = (
				0E6BEF9F2DB8C0F60094326A /* NewsRepository.swift */,
			);
			path = Repository;
			sourceTree = "<group>";
		};
		0E6BEFA12DB8C1630094326A /* Repository */ = {
			isa = PBXGroup;
			children = (
				0E6BEFA22DB8C16C0094326A /* NewsRepositoryImpl.swift */,
			);
			path = Repository;
			sourceTree = "<group>";
		};
		0E6BEFAA2DB8CC6C0094326A /* Entities */ = {
			isa = PBXGroup;
			children = (
				0E6BEFAB2DB8CC790094326A /* NewsType.swift */,
			);
			path = Entities;
			sourceTree = "<group>";
		};
		0E6BF0132DB8CEC80094326A /* UseCase */ = {
			isa = PBXGroup;
			children = (
				0E6BF0172DB8CF5A0094326A /* FetchNewsUseCaseImpl.swift */,
				0E6BF0142DB8CEF40094326A /* FetchNewsUseCase.swift */,
			);
			path = UseCase;
			sourceTree = "<group>";
		};
		0E6BF0192DB922F40094326A /* Search */ = {
			isa = PBXGroup;
			children = (
				0E6BF01C2DB9232D0094326A /* Domain */,
				0E6BF01B2DB923290094326A /* Data */,
				0E6BF01A2DB923240094326A /* Presenter */,
			);
			path = Search;
			sourceTree = "<group>";
		};
		0E6BF01A2DB923240094326A /* Presenter */ = {
			isa = PBXGroup;
			children = (
				0E6BF01F2DB923480094326A /* Model */,
				0E6BF01E2DB923410094326A /* ViewModel */,
				0E6BF01D2DB9233A0094326A /* View */,
			);
			path = Presenter;
			sourceTree = "<group>";
		};
		0E6BF01B2DB923290094326A /* Data */ = {
			isa = PBXGroup;
			children = (
				0E6BF0422DB996410094326A /* Repository */,
				0E6BF03F2DB9962A0094326A /* Error */,
			);
			path = Data;
			sourceTree = "<group>";
		};
		0E6BF01C2DB9232D0094326A /* Domain */ = {
			isa = PBXGroup;
			children = (
				0E6BF0452DB996680094326A /* Repository */,
				0E6BF0482DB9967E0094326A /* UseCase */,
			);
			path = Domain;
			sourceTree = "<group>";
		};
		0E6BF01D2DB9233A0094326A /* View */ = {
			isa = PBXGroup;
			children = (
				0E6BF03A2DB995770094326A /* TableCell */,
				0E6BF0202DB9234C0094326A /* Controller */,
			);
			path = View;
			sourceTree = "<group>";
		};
		0E6BF01E2DB923410094326A /* ViewModel */ = {
			isa = PBXGroup;
			children = (
				0E6BF03D2DB995EF0094326A /* SearchViewModel.swift */,
			);
			path = ViewModel;
			sourceTree = "<group>";
		};
		0E6BF01F2DB923480094326A /* Model */ = {
			isa = PBXGroup;
			children = (
			);
			path = Model;
			sourceTree = "<group>";
		};
		0E6BF0202DB9234C0094326A /* Controller */ = {
			isa = PBXGroup;
			children = (
				0E6BF08B2DB9D4690094326A /* SearchViewController+UISearchBar.swift */,
				0E6BF0892DB9D3C80094326A /* SearchViewController+UITableView.swift */,
				0E6BF0212DB923550094326A /* SearchViewController.swift */,
				0E6BF0232DB923670094326A /* SearchViewController.xib */,
			);
			path = Controller;
			sourceTree = "<group>";
		};
		0E6BF0302DB991C20094326A /* SSL */ = {
			isa = PBXGroup;
			children = (
				0EB7A6DD2DB78FB8006408A2 /* AppDIContainer.swift */,
				0EB7A6732DB78E7D006408A2 /* SSLSessionFactory.swift */,
			);
			path = SSL;
			sourceTree = "<group>";
		};
		0E6BF0312DB991D20094326A /* Repository */ = {
			isa = PBXGroup;
			children = (
				0EB7A6002DB7828A006408A2 /* NetworkRepository.swift */,
				0EB7A6012DB7828A006408A2 /* NetworkRepositoryImpl.swift */,
			);
			path = Repository;
			sourceTree = "<group>";
		};
		0E6BF0322DB991F60094326A /* API */ = {
			isa = PBXGroup;
			children = (
				0E6BF0362DB992640094326A /* NewsAPIService.swift */,
				0E6BF0342DB992090094326A /* NetworkConstants.swift */,
			);
			path = API;
			sourceTree = "<group>";
		};
		0E6BF03A2DB995770094326A /* TableCell */ = {
			isa = PBXGroup;
			children = (
				0E6BF0712DB9C1970094326A /* EmptyTableCell */,
				0E6BF0702DB9C18A0094326A /* SearchTableCell */,
			);
			path = TableCell;
			sourceTree = "<group>";
		};
		0E6BF03F2DB9962A0094326A /* Error */ = {
			isa = PBXGroup;
			children = (
				0E6BF0402DB9962F0094326A /* SearchNewsError.swift */,
			);
			path = Error;
			sourceTree = "<group>";
		};
		0E6BF0422DB996410094326A /* Repository */ = {
			isa = PBXGroup;
			children = (
				0E6BF0432DB996510094326A /* SearchNewsRepositoryImpl.swift */,
			);
			path = Repository;
			sourceTree = "<group>";
		};
		0E6BF0452DB996680094326A /* Repository */ = {
			isa = PBXGroup;
			children = (
				0E6BF0462DB996770094326A /* SearchNewsRepository.swift */,
			);
			path = Repository;
			sourceTree = "<group>";
		};
		0E6BF0482DB9967E0094326A /* UseCase */ = {
			isa = PBXGroup;
			children = (
				0E6BF04B2DB997070094326A /* SearchNewsUseCase.swift */,
				0E6BF0492DB996FB0094326A /* SearchNewsUseCaseImpl.swift */,
			);
			path = UseCase;
			sourceTree = "<group>";
		};
		0E6BF0552DB9BA140094326A /* Filter */ = {
			isa = PBXGroup;
			children = (
				0E6BF0582DB9BA270094326A /* Presenter */,
				0E6BF0572DB9BA220094326A /* Domain */,
				0E6BF0562DB9BA1C0094326A /* Data */,
			);
			path = Filter;
			sourceTree = "<group>";
		};
		0E6BF0562DB9BA1C0094326A /* Data */ = {
			isa = PBXGroup;
			children = (
				0E6BF0642DB9BB2E0094326A /* Repository */,
				0E6BF05E2DB9BACC0094326A /* Error */,
			);
			path = Data;
			sourceTree = "<group>";
		};
		0E6BF0572DB9BA220094326A /* Domain */ = {
			isa = PBXGroup;
			children = (
				0E6BF0672DB9BBC00094326A /* UseCase */,
				0E6BF0612DB9BAE80094326A /* Repository */,
			);
			path = Domain;
			sourceTree = "<group>";
		};
		0E6BF0582DB9BA270094326A /* Presenter */ = {
			isa = PBXGroup;
			children = (
				0E6BF05B2DB9BA3D0094326A /* Model */,
				0E6BF05A2DB9BA350094326A /* ViewModel */,
				0E6BF0592DB9BA300094326A /* View */,
			);
			path = Presenter;
			sourceTree = "<group>";
		};
		0E6BF0592DB9BA300094326A /* View */ = {
			isa = PBXGroup;
			children = (
				0E6BF06C2DB9BC8C0094326A /* FilterViewController.swift */,
			);
			path = View;
			sourceTree = "<group>";
		};
		0E6BF05A2DB9BA350094326A /* ViewModel */ = {
			isa = PBXGroup;
			children = (
				0E6BF06E2DB9BC9B0094326A /* FilterViewModel.swift */,
			);
			path = ViewModel;
			sourceTree = "<group>";
		};
		0E6BF05B2DB9BA3D0094326A /* Model */ = {
			isa = PBXGroup;
			children = (
				0E6BF05C2DB9BA500094326A /* InfoResponse.swift */,
			);
			path = Model;
			sourceTree = "<group>";
		};
		0E6BF05E2DB9BACC0094326A /* Error */ = {
			isa = PBXGroup;
			children = (
				0E6BF05F2DB9BAD30094326A /* InfoError.swift */,
			);
			path = Error;
			sourceTree = "<group>";
		};
		0E6BF0612DB9BAE80094326A /* Repository */ = {
			isa = PBXGroup;
			children = (
				0E6BF0622DB9BAEF0094326A /* InfoRepository.swift */,
			);
			path = Repository;
			sourceTree = "<group>";
		};
		0E6BF0642DB9BB2E0094326A /* Repository */ = {
			isa = PBXGroup;
			children = (
				0E6BF0652DB9BB370094326A /* InfoRepositoryImpl.swift */,
			);
			path = Repository;
			sourceTree = "<group>";
		};
		0E6BF0672DB9BBC00094326A /* UseCase */ = {
			isa = PBXGroup;
			children = (
				0E6BF06A2DB9BBCF0094326A /* InfoUseCaseImpl.swift */,
				0E6BF0682DB9BBC90094326A /* InfoUseCase.swift */,
			);
			path = UseCase;
			sourceTree = "<group>";
		};
		0E6BF0702DB9C18A0094326A /* SearchTableCell */ = {
			isa = PBXGroup;
			children = (
				0E6BF0382DB995770094326A /* SearchTableCell.swift */,
				0E6BF0392DB995770094326A /* SearchTableCell.xib */,
			);
			path = SearchTableCell;
			sourceTree = "<group>";
		};
		0E6BF0712DB9C1970094326A /* EmptyTableCell */ = {
			isa = PBXGroup;
			children = (
				0E6BF0722DB9C19E0094326A /* EmptyTableCell.swift */,
				0E6BF0762DB9C1BB0094326A /* EmptyTableCell.xib */,
			);
			path = EmptyTableCell;
			sourceTree = "<group>";
		};
		0E6BF07E2DB9CC600094326A /* Detail */ = {
			isa = PBXGroup;
			children = (
				0E6BF0812DB9CC710094326A /* Data */,
				0E6BF0802DB9CC6B0094326A /* Domain */,
				0E6BF07F2DB9CC660094326A /* Presenter */,
			);
			path = Detail;
			sourceTree = "<group>";
		};
		0E6BF07F2DB9CC660094326A /* Presenter */ = {
			isa = PBXGroup;
			children = (
				0E6BF0862DB9CC940094326A /* ViewModel */,
				0E6BF0842DB9CC8B0094326A /* View */,
			);
			path = Presenter;
			sourceTree = "<group>";
		};
		0E6BF0802DB9CC6B0094326A /* Domain */ = {
			isa = PBXGroup;
			children = (
				0E6BF09C2DB9DC500094326A /* Entities */,
				0E6BF0992DB9DB180094326A /* Repository */,
				0E6BF0982DB9DB120094326A /* UseCase */,
			);
			path = Domain;
			sourceTree = "<group>";
		};
		0E6BF0812DB9CC710094326A /* Data */ = {
			isa = PBXGroup;
			children = (
				0E6BF0952DB9DAF90094326A /* Repository */,
				0E6BF0922DB9DAE20094326A /* Error */,
			);
			path = Data;
			sourceTree = "<group>";
		};
		0E6BF0842DB9CC8B0094326A /* View */ = {
			isa = PBXGroup;
			children = (
				0E6BF0A52DB9DFBB0094326A /* DetailViewController.swift */,
				0E6BF0A92DB9DFD80094326A /* DetailViewController.xib */,
			);
			path = View;
			sourceTree = "<group>";
		};
		0E6BF0862DB9CC940094326A /* ViewModel */ = {
			isa = PBXGroup;
			children = (
				0E6BF0A32DB9DE110094326A /* DetailViewModel.swift */,
			);
			path = ViewModel;
			sourceTree = "<group>";
		};
		0E6BF0912DB9D8030094326A /* Extension */ = {
			isa = PBXGroup;
			children = (
				0E6BF08F2DB9D7EA0094326A /* StringExtensionTest.swift */,
			);
			path = Extension;
			sourceTree = "<group>";
		};
		0E6BF0922DB9DAE20094326A /* Error */ = {
			isa = PBXGroup;
			children = (
				0E6BF0932DB9DAEA0094326A /* DetailError.swift */,
			);
			path = Error;
			sourceTree = "<group>";
		};
		0E6BF0952DB9DAF90094326A /* Repository */ = {
			isa = PBXGroup;
			children = (
				0E6BF0962DB9DB010094326A /* DetailRepositoryImpl.swift */,
			);
			path = Repository;
			sourceTree = "<group>";
		};
		0E6BF0982DB9DB120094326A /* UseCase */ = {
			isa = PBXGroup;
			children = (
				0E6BF0A12DB9DD520094326A /* DetailUseCaseImpl.swift */,
				0E6BF09F2DB9DD470094326A /* DetailUseCase.swift */,
			);
			path = UseCase;
			sourceTree = "<group>";
		};
		0E6BF0992DB9DB180094326A /* Repository */ = {
			isa = PBXGroup;
			children = (
				0E6BF09A2DB9DB3A0094326A /* DetailRepository.swift */,
			);
			path = Repository;
			sourceTree = "<group>";
		};
		0E6BF09C2DB9DC500094326A /* Entities */ = {
			isa = PBXGroup;
			children = (
				0E6BF09D2DB9DC580094326A /* DetailType.swift */,
			);
			path = Entities;
			sourceTree = "<group>";
		};
		0EB7A5442DB744F2006408A2 = {
			isa = PBXGroup;
			children = (
				0EB7A60B2DB7828A006408A2 /* NewsApp */,
				0EB7A6672DB785A0006408A2 /* NewsAppTests */,
				0EB7A66E2DB785A2006408A2 /* NewsAppUITests */,
				0EB7A54E2DB744F2006408A2 /* Products */,
				9D5132222397028DFE065BED /* Pods */,
				ACC57A0A3D5547A39ED2829D /* Frameworks */,
			);
			sourceTree = "<group>";
		};
		0EB7A54E2DB744F2006408A2 /* Products */ = {
			isa = PBXGroup;
			children = (
				0EB7A54D2DB744F2006408A2 /* NewsApp.app */,
				0EB7A5632DB744F3006408A2 /* NewsAppTests.xctest */,
				0EB7A56D2DB744F3006408A2 /* NewsAppUITests.xctest */,
			);
			name = Products;
			sourceTree = "<group>";
		};
		0EB7A6032DB7828A006408A2 /* Network */ = {
			isa = PBXGroup;
			children = (
				0E6BF0322DB991F60094326A /* API */,
				0E6BF0312DB991D20094326A /* Repository */,
				0E6BF0302DB991C20094326A /* SSL */,
				0EB7A6022DB7828A006408A2 /* URLSessionProtocol.swift */,
			);
			path = Network;
			sourceTree = "<group>";
		};
		0EB7A6092DB7828A006408A2 /* Various */ = {
			isa = PBXGroup;
			children = (
				0EB7A6042DB7828A006408A2 /* AppDelegate.swift */,
				0EB7A6052DB7828A006408A2 /* Assets.xcassets */,
				0EB7A6072DB7828A006408A2 /* LaunchScreen.storyboard */,
				0EB7A6082DB7828A006408A2 /* ViewController.swift */,
				0EB7A6712DB78E00006408A2 /* api_cert.cer */,
			);
			path = Various;
			sourceTree = "<group>";
		};
		0EB7A60B2DB7828A006408A2 /* NewsApp */ = {
			isa = PBXGroup;
			children = (
				0EB7A6F92DB7E3AF006408A2 /* Modules */,
				0EB7A6F02DB7D30C006408A2 /* Auth0 */,
				0EB7A6D62DB78EA2006408A2 /* Helper */,
				0EB7A6032DB7828A006408A2 /* Network */,
				0EB7A6092DB7828A006408A2 /* Various */,
				0EB7A60A2DB7828A006408A2 /* Info.plist */,
			);
			path = NewsApp;
			sourceTree = "<group>";
		};
		0EB7A6642DB785A0006408A2 /* Mocks */ = {
			isa = PBXGroup;
			children = (
				0EB7A6622DB785A0006408A2 /* MockNetworkRepository.swift */,
				0EB7A6632DB785A0006408A2 /* NewsFetcher.swift */,
			);
			path = Mocks;
			sourceTree = "<group>";
		};
		0EB7A6672DB785A0006408A2 /* NewsAppTests */ = {
			isa = PBXGroup;
			children = (
				0E6BF0912DB9D8030094326A /* Extension */,
				0EB7A73B2DB8420D006408A2 /* Validation */,
				0EB7A6662DB785A0006408A2 /* NewsAppTests.swift */,
				0EB7A6E22DB7964D006408A2 /* OAuth */,
				0EB7A6E12DB79641006408A2 /* Network */,
			);
			path = NewsAppTests;
			sourceTree = "<group>";
		};
		0EB7A66E2DB785A2006408A2 /* NewsAppUITests */ = {
			isa = PBXGroup;
			children = (
				0EB7A66C2DB785A2006408A2 /* NewsAppUITests.swift */,
				0EB7A66D2DB785A2006408A2 /* NewsAppUITestsLaunchTests.swift */,
			);
			path = NewsAppUITests;
			sourceTree = "<group>";
		};
		0EB7A6D62DB78EA2006408A2 /* Helper */ = {
			isa = PBXGroup;
			children = (
				0EB7A7362DB83F29006408A2 /* Extensions */,
				0EB7A7182DB82E94006408A2 /* UI */,
				0EB7A6E72DB7D20C006408A2 /* Config */,
				0EB7A6D72DB78EA9006408A2 /* Constants */,
			);
			path = Helper;
			sourceTree = "<group>";
		};
		0EB7A6D72DB78EA9006408A2 /* Constants */ = {
			isa = PBXGroup;
			children = (
				0EB7A6D82DB78EB6006408A2 /* AppConstants.swift */,
			);
			path = Constants;
			sourceTree = "<group>";
		};
		0EB7A6E12DB79641006408A2 /* Network */ = {
			isa = PBXGroup;
			children = (
				0EB7A6DF2DB7901A006408A2 /* SLLPanningTests.swift */,
				0EB7A6642DB785A0006408A2 /* Mocks */,
				0EB7A6652DB785A0006408A2 /* NetworkRepositoryTests.swift */,
			);
			path = Network;
			sourceTree = "<group>";
		};
		0EB7A6E22DB7964D006408A2 /* OAuth */ = {
			isa = PBXGroup;
			children = (
				0EB7A6F12DB7D998006408A2 /* AuthRepositoryTests.swift */,
				0EB7A6E52DB79666006408A2 /* Mock */,
			);
			path = OAuth;
			sourceTree = "<group>";
		};
		0EB7A6E52DB79666006408A2 /* Mock */ = {
			isa = PBXGroup;
			children = (
				0EB7A6E32DB7965A006408A2 /* MockAuthService.swift */,
			);
			path = Mock;
			sourceTree = "<group>";
		};
		0EB7A6E72DB7D20C006408A2 /* Config */ = {
			isa = PBXGroup;
			children = (
				0E6BF0872DB9CE560094326A /* RecentSearchManager.swift */,
				0E6BF07A2DB9C98E0094326A /* DecodeHelper.swift */,
				0E6BF0512DB9AEB90094326A /* NewsSiteHelper.swift */,
				0E6BF04D2DB9AB940094326A /* SortingHelper.swift */,
				0E6BEF0F2DB862A40094326A /* NotificationHelper.swift */,
				0EB7A6E82DB7D22B006408A2 /* Auth0Config.swift */,
			);
			path = Config;
			sourceTree = "<group>";
		};
		0EB7A6F02DB7D30C006408A2 /* Auth0 */ = {
			isa = PBXGroup;
			children = (
				0EB7A7A02DB851D9006408A2 /* CodableCredentials.swift */,
				0EB7A7A42DB855DC006408A2 /* CredentialsStorage.swift */,
				0EB7A6F52DB7DB4D006408A2 /* AuthService.swift */,
				0EB7A6EE2DB7D30C006408A2 /* AuthRepositoryImpl.swift */,
				0EB7A6EF2DB7D30C006408A2 /* AuthRepositoryProtocol.swift */,
			);
			path = Auth0;
			sourceTree = "<group>";
		};
		0EB7A6F92DB7E3AF006408A2 /* Modules */ = {
			isa = PBXGroup;
			children = (
				0E6BF07E2DB9CC600094326A /* Detail */,
				0E6BF0552DB9BA140094326A /* Filter */,
				0E6BF0192DB922F40094326A /* Search */,
				0E6BEF132DB8845D0094326A /* Home */,
				0EB7A71B2DB83759006408A2 /* Register */,
				0EB7A6FA2DB7E3C7006408A2 /* Login */,
			);
			path = Modules;
			sourceTree = "<group>";
		};
		0EB7A6FA2DB7E3C7006408A2 /* Login */ = {
			isa = PBXGroup;
			children = (
				0EB7A7002DB7E41D006408A2 /* Presenter */,
				0EB7A6FD2DB7E3FD006408A2 /* Domain */,
				0EB7A6FC2DB7E3E3006408A2 /* Data */,
			);
			path = Login;
			sourceTree = "<group>";
		};
		0EB7A6FC2DB7E3E3006408A2 /* Data */ = {
			isa = PBXGroup;
			children = (
				0EB7A7102DB82033006408A2 /* Repository */,
				0EB7A7092DB81CB7006408A2 /* Error */,
			);
			path = Data;
			sourceTree = "<group>";
		};
		0EB7A6FD2DB7E3FD006408A2 /* Domain */ = {
			isa = PBXGroup;
			children = (
				0EB7A70D2DB81F7F006408A2 /* UseCase */,
				0EB7A70C2DB81F78006408A2 /* Repository */,
			);
			path = Domain;
			sourceTree = "<group>";
		};
		0EB7A7002DB7E41D006408A2 /* Presenter */ = {
			isa = PBXGroup;
			children = (
				0EB7A7062DB81C23006408A2 /* ViewModel */,
				0EB7A7052DB81C1A006408A2 /* View */,
			);
			path = Presenter;
			sourceTree = "<group>";
		};
		0EB7A7052DB81C1A006408A2 /* View */ = {
			isa = PBXGroup;
			children = (
				0EB7A7032DB813F7006408A2 /* LoginViewController.swift */,
				0EB7A7012DB813EF006408A2 /* LoginViewController.xib */,
			);
			path = View;
			sourceTree = "<group>";
		};
		0EB7A7062DB81C23006408A2 /* ViewModel */ = {
			isa = PBXGroup;
			children = (
				0EB7A7072DB81C2D006408A2 /* LoginViewModel.swift */,
			);
			path = ViewModel;
			sourceTree = "<group>";
		};
		0EB7A7092DB81CB7006408A2 /* Error */ = {
			isa = PBXGroup;
			children = (
				0EB7A70A2DB81CC1006408A2 /* LoginError.swift */,
			);
			path = Error;
			sourceTree = "<group>";
		};
		0EB7A70C2DB81F78006408A2 /* Repository */ = {
			isa = PBXGroup;
			children = (
				0EB7A70E2DB81FA0006408A2 /* LoginRepository.swift */,
			);
			path = Repository;
			sourceTree = "<group>";
		};
		0EB7A70D2DB81F7F006408A2 /* UseCase */ = {
			isa = PBXGroup;
			children = (
				0EB7A7162DB822B3006408A2 /* LoginUseCaseImpl.swift */,
				0EB7A7132DB8228E006408A2 /* LoginUseCase.swift */,
			);
			path = UseCase;
			sourceTree = "<group>";
		};
		0EB7A7102DB82033006408A2 /* Repository */ = {
			isa = PBXGroup;
			children = (
				0EB7A7112DB8203E006408A2 /* LoginRepositoryImpl.swift */,
			);
			path = Repository;
			sourceTree = "<group>";
		};
		0EB7A7182DB82E94006408A2 /* UI */ = {
			isa = PBXGroup;
			children = (
				0E6BEF112DB8771B0094326A /* ParentViewController.swift */,
				0EB7A7192DB82E9B006408A2 /* Alert.swift */,
			);
			path = UI;
			sourceTree = "<group>";
		};
		0EB7A71B2DB83759006408A2 /* Register */ = {
			isa = PBXGroup;
			children = (
				0EB7A71F2DB83775006408A2 /* Data */,
				0EB7A71D2DB83763006408A2 /* Domain */,
				0EB7A71C2DB8375E006408A2 /* Presenter */,
			);
			path = Register;
			sourceTree = "<group>";
		};
		0EB7A71C2DB8375E006408A2 /* Presenter */ = {
			isa = PBXGroup;
			children = (
				0EB7A7212DB837AA006408A2 /* View */,
				0EB7A7202DB837A3006408A2 /* ViewModel */,
			);
			path = Presenter;
			sourceTree = "<group>";
		};
		0EB7A71D2DB83763006408A2 /* Domain */ = {
			isa = PBXGroup;
			children = (
				0EB7A72D2DB83B37006408A2 /* UseCase */,
				0EB7A72C2DB83B30006408A2 /* Repository */,
			);
			path = Domain;
			sourceTree = "<group>";
		};
		0EB7A71F2DB83775006408A2 /* Data */ = {
			isa = PBXGroup;
			children = (
				0EB7A7292DB83B17006408A2 /* Repository */,
				0EB7A7262DB83AFA006408A2 /* Error */,
			);
			path = Data;
			sourceTree = "<group>";
		};
		0EB7A7202DB837A3006408A2 /* ViewModel */ = {
			isa = PBXGroup;
			children = (
				0EB7A7342DB83CC1006408A2 /* RegisterViewModel.swift */,
			);
			path = ViewModel;
			sourceTree = "<group>";
		};
		0EB7A7212DB837AA006408A2 /* View */ = {
			isa = PBXGroup;
			children = (
				0EB7A7222DB837B1006408A2 /* RegisterViewController.swift */,
				0EB7A7242DB837C3006408A2 /* RegisterViewController.xib */,
			);
			path = View;
			sourceTree = "<group>";
		};
		0EB7A7262DB83AFA006408A2 /* Error */ = {
			isa = PBXGroup;
			children = (
				0EB7A7272DB83B01006408A2 /* RegisterError.swift */,
			);
			path = Error;
			sourceTree = "<group>";
		};
		0EB7A7292DB83B17006408A2 /* Repository */ = {
			isa = PBXGroup;
			children = (
				0EB7A72A2DB83B1F006408A2 /* RegisterRepositoryImpl.swift */,
			);
			path = Repository;
			sourceTree = "<group>";
		};
		0EB7A72C2DB83B30006408A2 /* Repository */ = {
			isa = PBXGroup;
			children = (
				0EB7A72E2DB83B40006408A2 /* RegisterRepository.swift */,
			);
			path = Repository;
			sourceTree = "<group>";
		};
		0EB7A72D2DB83B37006408A2 /* UseCase */ = {
			isa = PBXGroup;
			children = (
				0EB7A7322DB83BDF006408A2 /* RegisterUseCaseImpl.swift */,
				0EB7A7302DB83BAE006408A2 /* RegisterUseCase.swift */,
			);
			path = UseCase;
			sourceTree = "<group>";
		};
		0EB7A7362DB83F29006408A2 /* Extensions */ = {
			isa = PBXGroup;
			children = (
				0E6BF0112DB8CE090094326A /* IntExtension.swift */,
				0EB7A7372DB83F31006408A2 /* StringExtension.swift */,
			);
			path = Extensions;
			sourceTree = "<group>";
		};
		0EB7A73B2DB8420D006408A2 /* Validation */ = {
			isa = PBXGroup;
			children = (
				0E6BF08D2DB9D6820094326A /* RecentSearchManagerTests.swift */,
				0E6BF07C2DB9CB2C0094326A /* AuthServiceTests.swift */,
				0E6BF0782DB9C4BB0094326A /* GreetingHelperTests.swift */,
				0E6BF04F2DB9ABB70094326A /* SortingHelperTests.swift */,
				0EB7A73C2DB8422C006408A2 /* EmailValidatorTests.swift */,
				0EB7A7392DB83F59006408A2 /* PasswordValidatorTests.swift */,
			);
			path = Validation;
			sourceTree = "<group>";
		};
		9D5132222397028DFE065BED /* Pods */ = {
			isa = PBXGroup;
			children = (
				8F62E75BD835B0819737F6A0 /* Pods-NewsApp.debug.xcconfig */,
				FCF4E35CB3B179FBBF91CD28 /* Pods-NewsApp.release.xcconfig */,
				FCE14EDCC2556F4623FCA596 /* Pods-NewsApp-NewsAppUITests.debug.xcconfig */,
				2FE9CDF0983CC17BC296F193 /* Pods-NewsApp-NewsAppUITests.release.xcconfig */,
				4120BD2DBFF3A61FF2D7AC42 /* Pods-NewsAppTests.debug.xcconfig */,
				62B080F85B3B440A9A8619A4 /* Pods-NewsAppTests.release.xcconfig */,
			);
			path = Pods;
			sourceTree = "<group>";
		};
		ACC57A0A3D5547A39ED2829D /* Frameworks */ = {
			isa = PBXGroup;
			children = (
				FA4296C5632ADB3BCD233EFB /* Pods_NewsApp.framework */,
				3F0FF6A6D4DD6AE8C373579F /* Pods_NewsApp_NewsAppUITests.framework */,
				0C2C44D4F1DD4B96E3D5F975 /* Pods_NewsAppTests.framework */,
			);
			name = Frameworks;
			sourceTree = "<group>";
		};
/* End PBXGroup section */

/* Begin PBXNativeTarget section */
		0EB7A54C2DB744F2006408A2 /* NewsApp */ = {
			isa = PBXNativeTarget;
			buildConfigurationList = 0EB7A5762DB744F3006408A2 /* Build configuration list for PBXNativeTarget "NewsApp" */;
			buildPhases = (
				C12193DC4C1FA20619C9CA34 /* [CP] Check Pods Manifest.lock */,
				0EB7A5492DB744F2006408A2 /* Sources */,
				0EB7A54A2DB744F2006408A2 /* Frameworks */,
				0EB7A54B2DB744F2006408A2 /* Resources */,
				7D7D1E51E3CB1C78B27703DC /* [CP] Embed Pods Frameworks */,
			);
			buildRules = (
			);
			dependencies = (
			);
			name = NewsApp;
			productName = NewsApp;
			productReference = 0EB7A54D2DB744F2006408A2 /* NewsApp.app */;
			productType = "com.apple.product-type.application";
		};
		0EB7A5622DB744F3006408A2 /* NewsAppTests */ = {
			isa = PBXNativeTarget;
			buildConfigurationList = 0EB7A57B2DB744F3006408A2 /* Build configuration list for PBXNativeTarget "NewsAppTests" */;
			buildPhases = (
				C120BB922988B4EDBA76C0F7 /* [CP] Check Pods Manifest.lock */,
				0EB7A55F2DB744F3006408A2 /* Sources */,
				0EB7A5602DB744F3006408A2 /* Frameworks */,
				0EB7A5612DB744F3006408A2 /* Resources */,
			);
			buildRules = (
			);
			dependencies = (
				0EB7A5652DB744F3006408A2 /* PBXTargetDependency */,
			);
			name = NewsAppTests;
			productName = NewsAppTests;
			productReference = 0EB7A5632DB744F3006408A2 /* NewsAppTests.xctest */;
			productType = "com.apple.product-type.bundle.unit-test";
		};
		0EB7A56C2DB744F3006408A2 /* NewsAppUITests */ = {
			isa = PBXNativeTarget;
			buildConfigurationList = 0EB7A57E2DB744F3006408A2 /* Build configuration list for PBXNativeTarget "NewsAppUITests" */;
			buildPhases = (
				F3AE747828061E202D04BB1C /* [CP] Check Pods Manifest.lock */,
				0EB7A5692DB744F3006408A2 /* Sources */,
				0EB7A56A2DB744F3006408A2 /* Frameworks */,
				0EB7A56B2DB744F3006408A2 /* Resources */,
				1046431A4E909FA51722E0A1 /* [CP] Embed Pods Frameworks */,
			);
			buildRules = (
			);
			dependencies = (
				0EB7A56F2DB744F3006408A2 /* PBXTargetDependency */,
			);
			name = NewsAppUITests;
			productName = NewsAppUITests;
			productReference = 0EB7A56D2DB744F3006408A2 /* NewsAppUITests.xctest */;
			productType = "com.apple.product-type.bundle.ui-testing";
		};
/* End PBXNativeTarget section */

/* Begin PBXProject section */
		0EB7A5452DB744F2006408A2 /* Project object */ = {
			isa = PBXProject;
			attributes = {
				BuildIndependentTargetsInParallel = 1;
				LastSwiftUpdateCheck = 1610;
				LastUpgradeCheck = 1610;
				TargetAttributes = {
					0EB7A54C2DB744F2006408A2 = {
						CreatedOnToolsVersion = 16.1;
					};
					0EB7A5622DB744F3006408A2 = {
						CreatedOnToolsVersion = 16.1;
						TestTargetID = 0EB7A54C2DB744F2006408A2;
					};
					0EB7A56C2DB744F3006408A2 = {
						CreatedOnToolsVersion = 16.1;
						TestTargetID = 0EB7A54C2DB744F2006408A2;
					};
				};
			};
			buildConfigurationList = 0EB7A5482DB744F2006408A2 /* Build configuration list for PBXProject "NewsApp" */;
			compatibilityVersion = "Xcode 14.0";
			developmentRegion = en;
			hasScannedForEncodings = 0;
			knownRegions = (
				en,
				Base,
			);
			mainGroup = 0EB7A5442DB744F2006408A2;
			productRefGroup = 0EB7A54E2DB744F2006408A2 /* Products */;
			projectDirPath = "";
			projectRoot = "";
			targets = (
				0EB7A54C2DB744F2006408A2 /* NewsApp */,
				0EB7A5622DB744F3006408A2 /* NewsAppTests */,
				0EB7A56C2DB744F3006408A2 /* NewsAppUITests */,
			);
		};
/* End PBXProject section */

/* Begin PBXResourcesBuildPhase section */
		0EB7A54B2DB744F2006408A2 /* Resources */ = {
			isa = PBXResourcesBuildPhase;
			buildActionMask = 2147483647;
			files = (
				0E6BF03C2DB995770094326A /* SearchTableCell.xib in Resources */,
				0EB7A7252DB837C3006408A2 /* RegisterViewController.xib in Resources */,
				0EB7A7022DB813EF006408A2 /* LoginViewController.xib in Resources */,
				0E6BEF2E2DB8ADB90094326A /* SectionTableCell.xib in Resources */,
				0E6BF0772DB9C1BB0094326A /* EmptyTableCell.xib in Resources */,
				0EB7A6722DB78E00006408A2 /* api_cert.cer in Resources */,
				0E6BEF342DB8B0B70094326A /* ItemCell.xib in Resources */,
				0E6BF0AA2DB9DFD80094326A /* DetailViewController.xib in Resources */,
				0E6BF0242DB923670094326A /* SearchViewController.xib in Resources */,
				0EB7A6112DB7828A006408A2 /* Assets.xcassets in Resources */,
				0EB7A6122DB7828A006408A2 /* LaunchScreen.storyboard in Resources */,
				0E6BEF272DB8A98F0094326A /* HomeViewController.xib in Resources */,
			);
			runOnlyForDeploymentPostprocessing = 0;
		};
		0EB7A5612DB744F3006408A2 /* Resources */ = {
			isa = PBXResourcesBuildPhase;
			buildActionMask = 2147483647;
			files = (
			);
			runOnlyForDeploymentPostprocessing = 0;
		};
		0EB7A56B2DB744F3006408A2 /* Resources */ = {
			isa = PBXResourcesBuildPhase;
			buildActionMask = 2147483647;
			files = (
			);
			runOnlyForDeploymentPostprocessing = 0;
		};
/* End PBXResourcesBuildPhase section */

/* Begin PBXShellScriptBuildPhase section */
		1046431A4E909FA51722E0A1 /* [CP] Embed Pods Frameworks */ = {
			isa = PBXShellScriptBuildPhase;
			buildActionMask = 2147483647;
			files = (
			);
			inputFileListPaths = (
				"${PODS_ROOT}/Target Support Files/Pods-NewsApp-NewsAppUITests/Pods-NewsApp-NewsAppUITests-frameworks-${CONFIGURATION}-input-files.xcfilelist",
			);
			name = "[CP] Embed Pods Frameworks";
			outputFileListPaths = (
				"${PODS_ROOT}/Target Support Files/Pods-NewsApp-NewsAppUITests/Pods-NewsApp-NewsAppUITests-frameworks-${CONFIGURATION}-output-files.xcfilelist",
			);
			runOnlyForDeploymentPostprocessing = 0;
			shellPath = /bin/sh;
			shellScript = "\"${PODS_ROOT}/Target Support Files/Pods-NewsApp-NewsAppUITests/Pods-NewsApp-NewsAppUITests-frameworks.sh\"\n";
			showEnvVarsInLog = 0;
		};
		7D7D1E51E3CB1C78B27703DC /* [CP] Embed Pods Frameworks */ = {
			isa = PBXShellScriptBuildPhase;
			buildActionMask = 2147483647;
			files = (
			);
			inputFileListPaths = (
				"${PODS_ROOT}/Target Support Files/Pods-NewsApp/Pods-NewsApp-frameworks-${CONFIGURATION}-input-files.xcfilelist",
			);
			name = "[CP] Embed Pods Frameworks";
			outputFileListPaths = (
				"${PODS_ROOT}/Target Support Files/Pods-NewsApp/Pods-NewsApp-frameworks-${CONFIGURATION}-output-files.xcfilelist",
			);
			runOnlyForDeploymentPostprocessing = 0;
			shellPath = /bin/sh;
			shellScript = "\"${PODS_ROOT}/Target Support Files/Pods-NewsApp/Pods-NewsApp-frameworks.sh\"\n";
			showEnvVarsInLog = 0;
		};
		C120BB922988B4EDBA76C0F7 /* [CP] Check Pods Manifest.lock */ = {
			isa = PBXShellScriptBuildPhase;
			buildActionMask = 2147483647;
			files = (
			);
			inputFileListPaths = (
			);
			inputPaths = (
				"${PODS_PODFILE_DIR_PATH}/Podfile.lock",
				"${PODS_ROOT}/Manifest.lock",
			);
			name = "[CP] Check Pods Manifest.lock";
			outputFileListPaths = (
			);
			outputPaths = (
				"$(DERIVED_FILE_DIR)/Pods-NewsAppTests-checkManifestLockResult.txt",
			);
			runOnlyForDeploymentPostprocessing = 0;
			shellPath = /bin/sh;
			shellScript = "diff \"${PODS_PODFILE_DIR_PATH}/Podfile.lock\" \"${PODS_ROOT}/Manifest.lock\" > /dev/null\nif [ $? != 0 ] ; then\n    # print error to STDERR\n    echo \"error: The sandbox is not in sync with the Podfile.lock. Run 'pod install' or update your CocoaPods installation.\" >&2\n    exit 1\nfi\n# This output is used by Xcode 'outputs' to avoid re-running this script phase.\necho \"SUCCESS\" > \"${SCRIPT_OUTPUT_FILE_0}\"\n";
			showEnvVarsInLog = 0;
		};
		C12193DC4C1FA20619C9CA34 /* [CP] Check Pods Manifest.lock */ = {
			isa = PBXShellScriptBuildPhase;
			buildActionMask = 2147483647;
			files = (
			);
			inputFileListPaths = (
			);
			inputPaths = (
				"${PODS_PODFILE_DIR_PATH}/Podfile.lock",
				"${PODS_ROOT}/Manifest.lock",
			);
			name = "[CP] Check Pods Manifest.lock";
			outputFileListPaths = (
			);
			outputPaths = (
				"$(DERIVED_FILE_DIR)/Pods-NewsApp-checkManifestLockResult.txt",
			);
			runOnlyForDeploymentPostprocessing = 0;
			shellPath = /bin/sh;
			shellScript = "diff \"${PODS_PODFILE_DIR_PATH}/Podfile.lock\" \"${PODS_ROOT}/Manifest.lock\" > /dev/null\nif [ $? != 0 ] ; then\n    # print error to STDERR\n    echo \"error: The sandbox is not in sync with the Podfile.lock. Run 'pod install' or update your CocoaPods installation.\" >&2\n    exit 1\nfi\n# This output is used by Xcode 'outputs' to avoid re-running this script phase.\necho \"SUCCESS\" > \"${SCRIPT_OUTPUT_FILE_0}\"\n";
			showEnvVarsInLog = 0;
		};
		F3AE747828061E202D04BB1C /* [CP] Check Pods Manifest.lock */ = {
			isa = PBXShellScriptBuildPhase;
			buildActionMask = 2147483647;
			files = (
			);
			inputFileListPaths = (
			);
			inputPaths = (
				"${PODS_PODFILE_DIR_PATH}/Podfile.lock",
				"${PODS_ROOT}/Manifest.lock",
			);
			name = "[CP] Check Pods Manifest.lock";
			outputFileListPaths = (
			);
			outputPaths = (
				"$(DERIVED_FILE_DIR)/Pods-NewsApp-NewsAppUITests-checkManifestLockResult.txt",
			);
			runOnlyForDeploymentPostprocessing = 0;
			shellPath = /bin/sh;
			shellScript = "diff \"${PODS_PODFILE_DIR_PATH}/Podfile.lock\" \"${PODS_ROOT}/Manifest.lock\" > /dev/null\nif [ $? != 0 ] ; then\n    # print error to STDERR\n    echo \"error: The sandbox is not in sync with the Podfile.lock. Run 'pod install' or update your CocoaPods installation.\" >&2\n    exit 1\nfi\n# This output is used by Xcode 'outputs' to avoid re-running this script phase.\necho \"SUCCESS\" > \"${SCRIPT_OUTPUT_FILE_0}\"\n";
			showEnvVarsInLog = 0;
		};
/* End PBXShellScriptBuildPhase section */

/* Begin PBXSourcesBuildPhase section */
		0EB7A5492DB744F2006408A2 /* Sources */ = {
			isa = PBXSourcesBuildPhase;
			buildActionMask = 2147483647;
			files = (
				0E6BF0602DB9BAD80094326A /* InfoError.swift in Sources */,
				0EB7A72F2DB83B45006408A2 /* RegisterRepository.swift in Sources */,
				0E6BF0882DB9CE570094326A /* RecentSearchManager.swift in Sources */,
				0EB7A6DE2DB78FB9006408A2 /* AppDIContainer.swift in Sources */,
				0E6BF0A22DB9DD5A0094326A /* DetailUseCaseImpl.swift in Sources */,
				0E6BF07B2DB9C9930094326A /* DecodeHelper.swift in Sources */,
				0EB7A7332DB83BE7006408A2 /* RegisterUseCaseImpl.swift in Sources */,
				0EB7A60C2DB7828A006408A2 /* NetworkRepository.swift in Sources */,
				0E6BEFA02DB8C0FB0094326A /* NewsRepository.swift in Sources */,
				0E6BF0A42DB9DE140094326A /* DetailViewModel.swift in Sources */,
				0E6BF0A02DB9DD4C0094326A /* DetailUseCase.swift in Sources */,
				0E6BF0732DB9C1A30094326A /* EmptyTableCell.swift in Sources */,
				0EB7A70B2DB81CC4006408A2 /* LoginError.swift in Sources */,
				0E6BEF252DB8A97B0094326A /* HomeViewController.swift in Sources */,
				0EB7A60D2DB7828A006408A2 /* NetworkRepositoryImpl.swift in Sources */,
				0EB7A6F62DB7DB4E006408A2 /* AuthService.swift in Sources */,
				0EB7A6F42DB7DAC5006408A2 /* AuthRepositoryProtocol.swift in Sources */,
				0E6BF0692DB9BBCD0094326A /* InfoUseCase.swift in Sources */,
				0E6BF03B2DB995770094326A /* SearchTableCell.swift in Sources */,
				0E6BEF1D2DB8A7A80094326A /* NewsResponse.swift in Sources */,
				0E6BF0632DB9BAF40094326A /* InfoRepository.swift in Sources */,
				0EB7A7382DB83F34006408A2 /* StringExtension.swift in Sources */,
				0E6BEF322DB8B0AB0094326A /* ItemCell.swift in Sources */,
				0EB7A6F32DB7DAB9006408A2 /* AuthRepositoryImpl.swift in Sources */,
				0EB7A7082DB81C31006408A2 /* LoginViewModel.swift in Sources */,
				0E6BF04A2DB997010094326A /* SearchNewsUseCaseImpl.swift in Sources */,
				0E6BF0152DB8CEFF0094326A /* FetchNewsUseCase.swift in Sources */,
				0EB7A6742DB78E7F006408A2 /* SSLSessionFactory.swift in Sources */,
				0E6BF08A2DB9D3D60094326A /* SearchViewController+UITableView.swift in Sources */,
				0E6BEF2A2DB8ADA70094326A /* SectionTableCell.swift in Sources */,
				0E6BF0522DB9AEBA0094326A /* NewsSiteHelper.swift in Sources */,
				0E6BF09E2DB9DC5C0094326A /* DetailType.swift in Sources */,
				0EB7A7122DB82044006408A2 /* LoginRepositoryImpl.swift in Sources */,
				0E6BF0472DB9967A0094326A /* SearchNewsRepository.swift in Sources */,
				0EB7A7172DB822B3006408A2 /* LoginUseCaseImpl.swift in Sources */,
				0E6BF05D2DB9BA510094326A /* InfoResponse.swift in Sources */,
				0EB7A72B2DB83B24006408A2 /* RegisterRepositoryImpl.swift in Sources */,
				0E6BF0942DB9DAED0094326A /* DetailError.swift in Sources */,
				0EB7A70F2DB81FA5006408A2 /* LoginRepository.swift in Sources */,
				0E6BF0A62DB9DFC20094326A /* DetailViewController.swift in Sources */,
				0E6BEF232DB8A9720094326A /* HomeViewModel.swift in Sources */,
				0E6BEF9D2DB8C0AE0094326A /* FetchNewsError.swift in Sources */,
				0E6BF0352DB9920A0094326A /* NetworkConstants.swift in Sources */,
				0EB7A7282DB83B01006408A2 /* RegisterError.swift in Sources */,
				0EB7A7352DB83CC7006408A2 /* RegisterViewModel.swift in Sources */,
				0EB7A6E92DB7D22C006408A2 /* Auth0Config.swift in Sources */,
				0EB7A7A12DB851DE006408A2 /* CodableCredentials.swift in Sources */,
				0EB7A60E2DB7828A006408A2 /* URLSessionProtocol.swift in Sources */,
				0EB7A6D92DB78EB7006408A2 /* AppConstants.swift in Sources */,
				0E6BF0182DB8CF5A0094326A /* FetchNewsUseCaseImpl.swift in Sources */,
				0EB7A7312DB83BB6006408A2 /* RegisterUseCase.swift in Sources */,
				0EB7A7A52DB855DD006408A2 /* CredentialsStorage.swift in Sources */,
				0E6BEFA32DB8C1730094326A /* NewsRepositoryImpl.swift in Sources */,
				0EB7A60F2DB7828A006408A2 /* AppDelegate.swift in Sources */,
				0EB7A7232DB837B6006408A2 /* RegisterViewController.swift in Sources */,
				0E6BF0222DB9235C0094326A /* SearchViewController.swift in Sources */,
				0E6BEFAC2DB8CC7A0094326A /* NewsType.swift in Sources */,
				0E6BEF372DB8B5F40094326A /* SectionHeaderView.swift in Sources */,
				0E6BEF122DB8771F0094326A /* ParentViewController.swift in Sources */,
				0E6BEF102DB862A40094326A /* NotificationHelper.swift in Sources */,
				0EB7A7042DB813F8006408A2 /* LoginViewController.swift in Sources */,
				0E6BF0412DB996340094326A /* SearchNewsError.swift in Sources */,
				0E6BF06F2DB9BC9F0094326A /* FilterViewModel.swift in Sources */,
				0E6BF09B2DB9DB400094326A /* DetailRepository.swift in Sources */,
				0EB7A6102DB7828A006408A2 /* ViewController.swift in Sources */,
				0E6BF0122DB8CE0D0094326A /* IntExtension.swift in Sources */,
				0E6BF0972DB9DB050094326A /* DetailRepositoryImpl.swift in Sources */,
				0E6BF04C2DB9970C0094326A /* SearchNewsUseCase.swift in Sources */,
				0E6BF08C2DB9D46F0094326A /* SearchViewController+UISearchBar.swift in Sources */,
				0E6BF06B2DB9BBD40094326A /* InfoUseCaseImpl.swift in Sources */,
				0E6BF03E2DB995F30094326A /* SearchViewModel.swift in Sources */,
				0E6BF0372DB992650094326A /* NewsAPIService.swift in Sources */,
				0E6BF04E2DB9AB960094326A /* SortingHelper.swift in Sources */,
				0E6BF06D2DB9BC930094326A /* FilterViewController.swift in Sources */,
				0E6BF0662DB9BB3A0094326A /* InfoRepositoryImpl.swift in Sources */,
				0EB7A71A2DB82E9B006408A2 /* Alert.swift in Sources */,
				0E6BF0442DB9965B0094326A /* SearchNewsRepositoryImpl.swift in Sources */,
				0EB7A7142DB82291006408A2 /* LoginUseCase.swift in Sources */,
			);
			runOnlyForDeploymentPostprocessing = 0;
		};
		0EB7A55F2DB744F3006408A2 /* Sources */ = {
			isa = PBXSourcesBuildPhase;
			buildActionMask = 2147483647;
			files = (
				0E6BF0502DB9ABB70094326A /* SortingHelperTests.swift in Sources */,
				0EB7A6682DB785A0006408A2 /* MockNetworkRepository.swift in Sources */,
				0EB7A6692DB785A0006408A2 /* NewsFetcher.swift in Sources */,
				0EB7A66A2DB785A0006408A2 /* NetworkRepositoryTests.swift in Sources */,
				0EB7A73D2DB84231006408A2 /* EmailValidatorTests.swift in Sources */,
				0EB7A73A2DB83F7C006408A2 /* PasswordValidatorTests.swift in Sources */,
				0E6BF0902DB9D7FE0094326A /* StringExtensionTest.swift in Sources */,
				0EB7A6E42DB7965B006408A2 /* MockAuthService.swift in Sources */,
				0EB7A66B2DB785A0006408A2 /* NewsAppTests.swift in Sources */,
				0EB7A6E02DB79021006408A2 /* SLLPanningTests.swift in Sources */,
				0E6BF08E2DB9D6830094326A /* RecentSearchManagerTests.swift in Sources */,
				0E6BF0792DB9C4BD0094326A /* GreetingHelperTests.swift in Sources */,
				0EB7A6F22DB7D999006408A2 /* AuthRepositoryTests.swift in Sources */,
				0E6BF07D2DB9CB2D0094326A /* AuthServiceTests.swift in Sources */,
			);
			runOnlyForDeploymentPostprocessing = 0;
		};
		0EB7A5692DB744F3006408A2 /* Sources */ = {
			isa = PBXSourcesBuildPhase;
			buildActionMask = 2147483647;
			files = (
				0EB7A66F2DB785A2006408A2 /* NewsAppUITests.swift in Sources */,
				0EB7A6702DB785A2006408A2 /* NewsAppUITestsLaunchTests.swift in Sources */,
			);
			runOnlyForDeploymentPostprocessing = 0;
		};
/* End PBXSourcesBuildPhase section */

/* Begin PBXTargetDependency section */
		0EB7A5652DB744F3006408A2 /* PBXTargetDependency */ = {
			isa = PBXTargetDependency;
			target = 0EB7A54C2DB744F2006408A2 /* NewsApp */;
			targetProxy = 0EB7A5642DB744F3006408A2 /* PBXContainerItemProxy */;
		};
		0EB7A56F2DB744F3006408A2 /* PBXTargetDependency */ = {
			isa = PBXTargetDependency;
			target = 0EB7A54C2DB744F2006408A2 /* NewsApp */;
			targetProxy = 0EB7A56E2DB744F3006408A2 /* PBXContainerItemProxy */;
		};
/* End PBXTargetDependency section */

/* Begin PBXVariantGroup section */
		0EB7A6072DB7828A006408A2 /* LaunchScreen.storyboard */ = {
			isa = PBXVariantGroup;
			children = (
				0EB7A6062DB7828A006408A2 /* Base */,
			);
			name = LaunchScreen.storyboard;
			sourceTree = "<group>";
		};
/* End PBXVariantGroup section */

/* Begin XCBuildConfiguration section */
		0EB7A5772DB744F3006408A2 /* Debug */ = {
			isa = XCBuildConfiguration;
			baseConfigurationReference = 8F62E75BD835B0819737F6A0 /* Pods-NewsApp.debug.xcconfig */;
			buildSettings = {
				ASSETCATALOG_COMPILER_APPICON_NAME = AppIcon;
				ASSETCATALOG_COMPILER_GLOBAL_ACCENT_COLOR_NAME = AccentColor;
				CODE_SIGN_STYLE = Automatic;
				CURRENT_PROJECT_VERSION = 1;
				DEVELOPMENT_TEAM = ZX9XPCSA65;
				ENABLE_USER_SCRIPT_SANDBOXING = NO;
				GENERATE_INFOPLIST_FILE = YES;
				INFOPLIST_FILE = NewsApp/Info.plist;
				INFOPLIST_KEY_UIApplicationSupportsIndirectInputEvents = YES;
				INFOPLIST_KEY_UILaunchStoryboardName = LaunchScreen;
				INFOPLIST_KEY_UISupportedInterfaceOrientations_iPad = "UIInterfaceOrientationPortrait UIInterfaceOrientationPortraitUpsideDown UIInterfaceOrientationLandscapeLeft UIInterfaceOrientationLandscapeRight";
				INFOPLIST_KEY_UISupportedInterfaceOrientations_iPhone = "UIInterfaceOrientationPortrait UIInterfaceOrientationLandscapeLeft UIInterfaceOrientationLandscapeRight";
				LD_RUNPATH_SEARCH_PATHS = (
					"$(inherited)",
					"@executable_path/Frameworks",
				);
				MARKETING_VERSION = 1.0;
				PRODUCT_BUNDLE_IDENTIFIER = ahmadshiddiq.NewsApp;
				PRODUCT_NAME = "$(TARGET_NAME)";
				SWIFT_EMIT_LOC_STRINGS = YES;
				SWIFT_VERSION = 5.0;
				TARGETED_DEVICE_FAMILY = "1,2";
			};
			name = Debug;
		};
		0EB7A5782DB744F3006408A2 /* Release */ = {
			isa = XCBuildConfiguration;
			baseConfigurationReference = FCF4E35CB3B179FBBF91CD28 /* Pods-NewsApp.release.xcconfig */;
			buildSettings = {
				ASSETCATALOG_COMPILER_APPICON_NAME = AppIcon;
				ASSETCATALOG_COMPILER_GLOBAL_ACCENT_COLOR_NAME = AccentColor;
				CODE_SIGN_STYLE = Automatic;
				CURRENT_PROJECT_VERSION = 1;
				DEVELOPMENT_TEAM = ZX9XPCSA65;
				ENABLE_USER_SCRIPT_SANDBOXING = NO;
				GENERATE_INFOPLIST_FILE = YES;
				INFOPLIST_FILE = NewsApp/Info.plist;
				INFOPLIST_KEY_UIApplicationSupportsIndirectInputEvents = YES;
				INFOPLIST_KEY_UILaunchStoryboardName = LaunchScreen;
				INFOPLIST_KEY_UISupportedInterfaceOrientations_iPad = "UIInterfaceOrientationPortrait UIInterfaceOrientationPortraitUpsideDown UIInterfaceOrientationLandscapeLeft UIInterfaceOrientationLandscapeRight";
				INFOPLIST_KEY_UISupportedInterfaceOrientations_iPhone = "UIInterfaceOrientationPortrait UIInterfaceOrientationLandscapeLeft UIInterfaceOrientationLandscapeRight";
				LD_RUNPATH_SEARCH_PATHS = (
					"$(inherited)",
					"@executable_path/Frameworks",
				);
				MARKETING_VERSION = 1.0;
				PRODUCT_BUNDLE_IDENTIFIER = ahmadshiddiq.NewsApp;
				PRODUCT_NAME = "$(TARGET_NAME)";
				SWIFT_EMIT_LOC_STRINGS = YES;
				SWIFT_VERSION = 5.0;
				TARGETED_DEVICE_FAMILY = "1,2";
			};
			name = Release;
		};
		0EB7A5792DB744F3006408A2 /* Debug */ = {
			isa = XCBuildConfiguration;
			buildSettings = {
				ALWAYS_SEARCH_USER_PATHS = NO;
				ASSETCATALOG_COMPILER_GENERATE_SWIFT_ASSET_SYMBOL_EXTENSIONS = YES;
				CLANG_ANALYZER_NONNULL = YES;
				CLANG_ANALYZER_NUMBER_OBJECT_CONVERSION = YES_AGGRESSIVE;
				CLANG_CXX_LANGUAGE_STANDARD = "gnu++20";
				CLANG_ENABLE_MODULES = YES;
				CLANG_ENABLE_OBJC_ARC = YES;
				CLANG_ENABLE_OBJC_WEAK = YES;
				CLANG_WARN_BLOCK_CAPTURE_AUTORELEASING = YES;
				CLANG_WARN_BOOL_CONVERSION = YES;
				CLANG_WARN_COMMA = YES;
				CLANG_WARN_CONSTANT_CONVERSION = YES;
				CLANG_WARN_DEPRECATED_OBJC_IMPLEMENTATIONS = YES;
				CLANG_WARN_DIRECT_OBJC_ISA_USAGE = YES_ERROR;
				CLANG_WARN_DOCUMENTATION_COMMENTS = YES;
				CLANG_WARN_EMPTY_BODY = YES;
				CLANG_WARN_ENUM_CONVERSION = YES;
				CLANG_WARN_INFINITE_RECURSION = YES;
				CLANG_WARN_INT_CONVERSION = YES;
				CLANG_WARN_NON_LITERAL_NULL_CONVERSION = YES;
				CLANG_WARN_OBJC_IMPLICIT_RETAIN_SELF = YES;
				CLANG_WARN_OBJC_LITERAL_CONVERSION = YES;
				CLANG_WARN_OBJC_ROOT_CLASS = YES_ERROR;
				CLANG_WARN_QUOTED_INCLUDE_IN_FRAMEWORK_HEADER = YES;
				CLANG_WARN_RANGE_LOOP_ANALYSIS = YES;
				CLANG_WARN_STRICT_PROTOTYPES = YES;
				CLANG_WARN_SUSPICIOUS_MOVE = YES;
				CLANG_WARN_UNGUARDED_AVAILABILITY = YES_AGGRESSIVE;
				CLANG_WARN_UNREACHABLE_CODE = YES;
				CLANG_WARN__DUPLICATE_METHOD_MATCH = YES;
				COPY_PHASE_STRIP = NO;
				DEBUG_INFORMATION_FORMAT = dwarf;
				ENABLE_STRICT_OBJC_MSGSEND = YES;
				ENABLE_TESTABILITY = YES;
				ENABLE_USER_SCRIPT_SANDBOXING = YES;
				GCC_C_LANGUAGE_STANDARD = gnu17;
				GCC_DYNAMIC_NO_PIC = NO;
				GCC_NO_COMMON_BLOCKS = YES;
				GCC_OPTIMIZATION_LEVEL = 0;
				GCC_PREPROCESSOR_DEFINITIONS = (
					"DEBUG=1",
					"$(inherited)",
				);
				GCC_WARN_64_TO_32_BIT_CONVERSION = YES;
				GCC_WARN_ABOUT_RETURN_TYPE = YES_ERROR;
				GCC_WARN_UNDECLARED_SELECTOR = YES;
				GCC_WARN_UNINITIALIZED_AUTOS = YES_AGGRESSIVE;
				GCC_WARN_UNUSED_FUNCTION = YES;
				GCC_WARN_UNUSED_VARIABLE = YES;
				IPHONEOS_DEPLOYMENT_TARGET = 18.1;
				LOCALIZATION_PREFERS_STRING_CATALOGS = YES;
				MTL_ENABLE_DEBUG_INFO = INCLUDE_SOURCE;
				MTL_FAST_MATH = YES;
				ONLY_ACTIVE_ARCH = YES;
				SDKROOT = iphoneos;
				SWIFT_ACTIVE_COMPILATION_CONDITIONS = "DEBUG $(inherited)";
				SWIFT_OPTIMIZATION_LEVEL = "-Onone";
			};
			name = Debug;
		};
		0EB7A57A2DB744F3006408A2 /* Release */ = {
			isa = XCBuildConfiguration;
			buildSettings = {
				ALWAYS_SEARCH_USER_PATHS = NO;
				ASSETCATALOG_COMPILER_GENERATE_SWIFT_ASSET_SYMBOL_EXTENSIONS = YES;
				CLANG_ANALYZER_NONNULL = YES;
				CLANG_ANALYZER_NUMBER_OBJECT_CONVERSION = YES_AGGRESSIVE;
				CLANG_CXX_LANGUAGE_STANDARD = "gnu++20";
				CLANG_ENABLE_MODULES = YES;
				CLANG_ENABLE_OBJC_ARC = YES;
				CLANG_ENABLE_OBJC_WEAK = YES;
				CLANG_WARN_BLOCK_CAPTURE_AUTORELEASING = YES;
				CLANG_WARN_BOOL_CONVERSION = YES;
				CLANG_WARN_COMMA = YES;
				CLANG_WARN_CONSTANT_CONVERSION = YES;
				CLANG_WARN_DEPRECATED_OBJC_IMPLEMENTATIONS = YES;
				CLANG_WARN_DIRECT_OBJC_ISA_USAGE = YES_ERROR;
				CLANG_WARN_DOCUMENTATION_COMMENTS = YES;
				CLANG_WARN_EMPTY_BODY = YES;
				CLANG_WARN_ENUM_CONVERSION = YES;
				CLANG_WARN_INFINITE_RECURSION = YES;
				CLANG_WARN_INT_CONVERSION = YES;
				CLANG_WARN_NON_LITERAL_NULL_CONVERSION = YES;
				CLANG_WARN_OBJC_IMPLICIT_RETAIN_SELF = YES;
				CLANG_WARN_OBJC_LITERAL_CONVERSION = YES;
				CLANG_WARN_OBJC_ROOT_CLASS = YES_ERROR;
				CLANG_WARN_QUOTED_INCLUDE_IN_FRAMEWORK_HEADER = YES;
				CLANG_WARN_RANGE_LOOP_ANALYSIS = YES;
				CLANG_WARN_STRICT_PROTOTYPES = YES;
				CLANG_WARN_SUSPICIOUS_MOVE = YES;
				CLANG_WARN_UNGUARDED_AVAILABILITY = YES_AGGRESSIVE;
				CLANG_WARN_UNREACHABLE_CODE = YES;
				CLANG_WARN__DUPLICATE_METHOD_MATCH = YES;
				COPY_PHASE_STRIP = NO;
				DEBUG_INFORMATION_FORMAT = "dwarf-with-dsym";
				ENABLE_NS_ASSERTIONS = NO;
				ENABLE_STRICT_OBJC_MSGSEND = YES;
				ENABLE_USER_SCRIPT_SANDBOXING = YES;
				GCC_C_LANGUAGE_STANDARD = gnu17;
				GCC_NO_COMMON_BLOCKS = YES;
				GCC_WARN_64_TO_32_BIT_CONVERSION = YES;
				GCC_WARN_ABOUT_RETURN_TYPE = YES_ERROR;
				GCC_WARN_UNDECLARED_SELECTOR = YES;
				GCC_WARN_UNINITIALIZED_AUTOS = YES_AGGRESSIVE;
				GCC_WARN_UNUSED_FUNCTION = YES;
				GCC_WARN_UNUSED_VARIABLE = YES;
				IPHONEOS_DEPLOYMENT_TARGET = 18.1;
				LOCALIZATION_PREFERS_STRING_CATALOGS = YES;
				MTL_ENABLE_DEBUG_INFO = NO;
				MTL_FAST_MATH = YES;
				SDKROOT = iphoneos;
				SWIFT_COMPILATION_MODE = wholemodule;
				VALIDATE_PRODUCT = YES;
			};
			name = Release;
		};
		0EB7A57C2DB744F3006408A2 /* Debug */ = {
			isa = XCBuildConfiguration;
			baseConfigurationReference = 4120BD2DBFF3A61FF2D7AC42 /* Pods-NewsAppTests.debug.xcconfig */;
			buildSettings = {
				BUNDLE_LOADER = "$(TEST_HOST)";
				CODE_SIGN_STYLE = Automatic;
				CURRENT_PROJECT_VERSION = 1;
				DEVELOPMENT_TEAM = ZX9XPCSA65;
				ENABLE_USER_SCRIPT_SANDBOXING = NO;
				GENERATE_INFOPLIST_FILE = YES;
				IPHONEOS_DEPLOYMENT_TARGET = 18.1;
				MARKETING_VERSION = 1.0;
				PRODUCT_BUNDLE_IDENTIFIER = ahmadshiddiq.NewsAppTests;
				PRODUCT_NAME = "$(TARGET_NAME)";
				SWIFT_EMIT_LOC_STRINGS = NO;
				SWIFT_VERSION = 5.0;
				TARGETED_DEVICE_FAMILY = "1,2";
				TEST_HOST = "$(BUILT_PRODUCTS_DIR)/NewsApp.app/$(BUNDLE_EXECUTABLE_FOLDER_PATH)/NewsApp";
			};
			name = Debug;
		};
		0EB7A57D2DB744F3006408A2 /* Release */ = {
			isa = XCBuildConfiguration;
			baseConfigurationReference = 62B080F85B3B440A9A8619A4 /* Pods-NewsAppTests.release.xcconfig */;
			buildSettings = {
				BUNDLE_LOADER = "$(TEST_HOST)";
				CODE_SIGN_STYLE = Automatic;
				CURRENT_PROJECT_VERSION = 1;
				DEVELOPMENT_TEAM = ZX9XPCSA65;
				ENABLE_USER_SCRIPT_SANDBOXING = NO;
				GENERATE_INFOPLIST_FILE = YES;
				IPHONEOS_DEPLOYMENT_TARGET = 18.1;
				MARKETING_VERSION = 1.0;
				PRODUCT_BUNDLE_IDENTIFIER = ahmadshiddiq.NewsAppTests;
				PRODUCT_NAME = "$(TARGET_NAME)";
				SWIFT_EMIT_LOC_STRINGS = NO;
				SWIFT_VERSION = 5.0;
				TARGETED_DEVICE_FAMILY = "1,2";
				TEST_HOST = "$(BUILT_PRODUCTS_DIR)/NewsApp.app/$(BUNDLE_EXECUTABLE_FOLDER_PATH)/NewsApp";
			};
			name = Release;
		};
		0EB7A57F2DB744F3006408A2 /* Debug */ = {
			isa = XCBuildConfiguration;
			baseConfigurationReference = FCE14EDCC2556F4623FCA596 /* Pods-NewsApp-NewsAppUITests.debug.xcconfig */;
			buildSettings = {
				CODE_SIGN_STYLE = Automatic;
				CURRENT_PROJECT_VERSION = 1;
				DEVELOPMENT_TEAM = ZX9XPCSA65;
				ENABLE_USER_SCRIPT_SANDBOXING = NO;
				GENERATE_INFOPLIST_FILE = YES;
				MARKETING_VERSION = 1.0;
				PRODUCT_BUNDLE_IDENTIFIER = ahmadshiddiq.NewsAppUITests;
				PRODUCT_NAME = "$(TARGET_NAME)";
				SWIFT_EMIT_LOC_STRINGS = NO;
				SWIFT_VERSION = 5.0;
				TARGETED_DEVICE_FAMILY = "1,2";
				TEST_TARGET_NAME = NewsApp;
			};
			name = Debug;
		};
		0EB7A5802DB744F3006408A2 /* Release */ = {
			isa = XCBuildConfiguration;
			baseConfigurationReference = 2FE9CDF0983CC17BC296F193 /* Pods-NewsApp-NewsAppUITests.release.xcconfig */;
			buildSettings = {
				CODE_SIGN_STYLE = Automatic;
				CURRENT_PROJECT_VERSION = 1;
				DEVELOPMENT_TEAM = ZX9XPCSA65;
				ENABLE_USER_SCRIPT_SANDBOXING = NO;
				GENERATE_INFOPLIST_FILE = YES;
				MARKETING_VERSION = 1.0;
				PRODUCT_BUNDLE_IDENTIFIER = ahmadshiddiq.NewsAppUITests;
				PRODUCT_NAME = "$(TARGET_NAME)";
				SWIFT_EMIT_LOC_STRINGS = NO;
				SWIFT_VERSION = 5.0;
				TARGETED_DEVICE_FAMILY = "1,2";
				TEST_TARGET_NAME = NewsApp;
			};
			name = Release;
		};
/* End XCBuildConfiguration section */

/* Begin XCConfigurationList section */
		0EB7A5482DB744F2006408A2 /* Build configuration list for PBXProject "NewsApp" */ = {
			isa = XCConfigurationList;
			buildConfigurations = (
				0EB7A5792DB744F3006408A2 /* Debug */,
				0EB7A57A2DB744F3006408A2 /* Release */,
			);
			defaultConfigurationIsVisible = 0;
			defaultConfigurationName = Release;
		};
		0EB7A5762DB744F3006408A2 /* Build configuration list for PBXNativeTarget "NewsApp" */ = {
			isa = XCConfigurationList;
			buildConfigurations = (
				0EB7A5772DB744F3006408A2 /* Debug */,
				0EB7A5782DB744F3006408A2 /* Release */,
			);
			defaultConfigurationIsVisible = 0;
			defaultConfigurationName = Release;
		};
		0EB7A57B2DB744F3006408A2 /* Build configuration list for PBXNativeTarget "NewsAppTests" */ = {
			isa = XCConfigurationList;
			buildConfigurations = (
				0EB7A57C2DB744F3006408A2 /* Debug */,
				0EB7A57D2DB744F3006408A2 /* Release */,
			);
			defaultConfigurationIsVisible = 0;
			defaultConfigurationName = Release;
		};
		0EB7A57E2DB744F3006408A2 /* Build configuration list for PBXNativeTarget "NewsAppUITests" */ = {
			isa = XCConfigurationList;
			buildConfigurations = (
				0EB7A57F2DB744F3006408A2 /* Debug */,
				0EB7A5802DB744F3006408A2 /* Release */,
			);
			defaultConfigurationIsVisible = 0;
			defaultConfigurationName = Release;
		};
/* End XCConfigurationList section */
	};
	rootObject = 0EB7A5452DB744F2006408A2 /* Project object */;
}
